lockVersion: 2.0.0
id: 2d045ec7-2ebb-4f4d-ad25-40953b132161
management:
  docChecksum: ee15d853ecc28d415d6b33191893a6ff
  docVersion: 0.0.2
  speakeasyVersion: 1.434.4
  generationVersion: 2.452.0
  releaseVersion: 1.2.0
  configChecksum: 17ae764aa509274d1cf2d75af5bf6abb
  repoURL: https://github.com/mistralai/client-python.git
  installationURL: https://github.com/mistralai/client-python.git
  published: true
features:
  python:
    additionalDependencies: 1.0.0
    constsAndDefaults: 1.0.4
    core: 5.6.4
    defaultEnabledRetries: 0.2.0
    downloadStreams: 1.0.1
    enumUnions: 0.1.0
    envVarSecurityUsage: 0.3.2
    examples: 3.0.0
    flatRequests: 1.0.1
    flattening: 3.1.0
    globalSecurity: 3.0.2
    globalSecurityCallbacks: 1.0.0
    globalSecurityFlattening: 1.0.0
    globalServerURLs: 3.0.0
    methodArguments: 1.0.2
    multipartFileContentType: 1.0.0
    nameOverrides: 3.0.0
    nullables: 1.0.0
    openEnums: 1.0.0
    responseFormat: 1.0.1
    retries: 3.0.2
    sdkHooks: 1.0.0
    serverEvents: 1.0.4
    serverEventsSentinels: 0.1.0
    serverIDs: 3.0.0
    tests: 1.6.0
    unions: 3.0.3
    uploadStreams: 1.0.0
generatedFiles:
  - .gitattributes
  - .python-version
  - .vscode/settings.json
  - USAGE.md
  - docs/models/agentscompletionrequest.md
  - docs/models/agentscompletionrequestmessages.md
  - docs/models/agentscompletionrequeststop.md
  - docs/models/agentscompletionrequesttoolchoice.md
  - docs/models/agentscompletionstreamrequest.md
  - docs/models/agentscompletionstreamrequestmessages.md
  - docs/models/agentscompletionstreamrequeststop.md
  - docs/models/agentscompletionstreamrequesttoolchoice.md
  - docs/models/apiendpoint.md
  - docs/models/archiveftmodelout.md
  - docs/models/archiveftmodeloutobject.md
  - docs/models/arguments.md
  - docs/models/assistantmessage.md
  - docs/models/assistantmessagecontent.md
  - docs/models/assistantmessagerole.md
  - docs/models/basemodelcard.md
  - docs/models/batcherror.md
  - docs/models/batchjobin.md
  - docs/models/batchjobout.md
  - docs/models/batchjoboutobject.md
  - docs/models/batchjobsout.md
  - docs/models/batchjobsoutobject.md
  - docs/models/batchjobstatus.md
  - docs/models/chatclassificationrequest.md
  - docs/models/chatclassificationrequestinputs.md
  - docs/models/chatcompletionchoice.md
  - docs/models/chatcompletionrequest.md
  - docs/models/chatcompletionrequesttoolchoice.md
  - docs/models/chatcompletionresponse.md
  - docs/models/chatcompletionstreamrequest.md
  - docs/models/chatcompletionstreamrequestmessages.md
  - docs/models/chatcompletionstreamrequeststop.md
  - docs/models/chatcompletionstreamrequesttoolchoice.md
  - docs/models/checkpointout.md
  - docs/models/classificationobject.md
  - docs/models/classificationrequest.md
  - docs/models/classificationrequestinputs.md
  - docs/models/classificationresponse.md
  - docs/models/completionchunk.md
  - docs/models/completionevent.md
  - docs/models/completionresponsestreamchoice.md
  - docs/models/completionresponsestreamchoicefinishreason.md
  - docs/models/content.md
  - docs/models/contentchunk.md
  - docs/models/data.md
  - docs/models/deletefileout.md
  - docs/models/deletemodelout.md
  - docs/models/deletemodelv1modelsmodeliddeleterequest.md
  - docs/models/deltamessage.md
  - docs/models/detailedjobout.md
  - docs/models/detailedjoboutintegrations.md
  - docs/models/detailedjoboutobject.md
  - docs/models/detailedjoboutrepositories.md
  - docs/models/detailedjoboutstatus.md
  - docs/models/embeddingrequest.md
  - docs/models/embeddingresponse.md
  - docs/models/embeddingresponsedata.md
  - docs/models/eventout.md
  - docs/models/file.md
  - docs/models/filepurpose.md
  - docs/models/filesapiroutesdeletefilerequest.md
  - docs/models/filesapiroutesdownloadfilerequest.md
  - docs/models/filesapirouteslistfilesrequest.md
  - docs/models/filesapiroutesretrievefilerequest.md
  - docs/models/filesapiroutesuploadfilemultipartbodyparams.md
  - docs/models/fileschema.md
  - docs/models/fimcompletionrequest.md
  - docs/models/fimcompletionrequeststop.md
  - docs/models/fimcompletionresponse.md
  - docs/models/fimcompletionstreamrequest.md
  - docs/models/fimcompletionstreamrequeststop.md
  - docs/models/finetuneablemodel.md
  - docs/models/finishreason.md
  - docs/models/ftmodelcapabilitiesout.md
  - docs/models/ftmodelcard.md
  - docs/models/ftmodelcardtype.md
  - docs/models/ftmodelout.md
  - docs/models/ftmodeloutobject.md
  - docs/models/function.md
  - docs/models/functioncall.md
  - docs/models/functionname.md
  - docs/models/githubrepositoryin.md
  - docs/models/githubrepositoryintype.md
  - docs/models/githubrepositoryout.md
  - docs/models/githubrepositoryouttype.md
  - docs/models/httpvalidationerror.md
  - docs/models/imageurl.md
  - docs/models/imageurlchunk.md
  - docs/models/imageurlchunkimageurl.md
  - docs/models/imageurlchunktype.md
  - docs/models/inputs.md
  - docs/models/integrations.md
  - docs/models/jobin.md
  - docs/models/jobinintegrations.md
  - docs/models/jobinrepositories.md
  - docs/models/jobmetadataout.md
  - docs/models/jobout.md
  - docs/models/jobsapiroutesbatchcancelbatchjobrequest.md
  - docs/models/jobsapiroutesbatchgetbatchjobrequest.md
  - docs/models/jobsapiroutesbatchgetbatchjobsrequest.md
  - docs/models/jobsapiroutesfinetuningarchivefinetunedmodelrequest.md
  - docs/models/jobsapiroutesfinetuningcancelfinetuningjobrequest.md
  - docs/models/jobsapiroutesfinetuningcreatefinetuningjobresponse.md
  - docs/models/jobsapiroutesfinetuninggetfinetuningjobrequest.md
  - docs/models/jobsapiroutesfinetuninggetfinetuningjobsrequest.md
  - docs/models/jobsapiroutesfinetuningstartfinetuningjobrequest.md
  - docs/models/jobsapiroutesfinetuningunarchivefinetunedmodelrequest.md
  - docs/models/jobsapiroutesfinetuningupdatefinetunedmodelrequest.md
  - docs/models/jobsout.md
  - docs/models/jobsoutobject.md
  - docs/models/legacyjobmetadataout.md
  - docs/models/legacyjobmetadataoutobject.md
  - docs/models/listfilesout.md
  - docs/models/loc.md
  - docs/models/messages.md
  - docs/models/metricout.md
  - docs/models/modelcapabilities.md
  - docs/models/modellist.md
  - docs/models/object.md
  - docs/models/one.md
  - docs/models/queryparamstatus.md
  - docs/models/repositories.md
  - docs/models/responseformat.md
  - docs/models/responseformats.md
  - docs/models/retrievefileout.md
  - docs/models/retrievemodelv1modelsmodelidgetrequest.md
  - docs/models/retrievemodelv1modelsmodelidgetresponseretrievemodelv1modelsmodelidget.md
  - docs/models/role.md
  - docs/models/sampletype.md
  - docs/models/security.md
  - docs/models/source.md
  - docs/models/status.md
  - docs/models/stop.md
  - docs/models/systemmessage.md
  - docs/models/systemmessagecontent.md
  - docs/models/textchunk.md
  - docs/models/textchunktype.md
  - docs/models/tool.md
  - docs/models/toolcall.md
  - docs/models/toolchoice.md
  - docs/models/toolchoiceenum.md
  - docs/models/toolmessage.md
  - docs/models/toolmessagerole.md
  - docs/models/tooltypes.md
  - docs/models/trainingfile.md
  - docs/models/trainingparameters.md
  - docs/models/trainingparametersin.md
  - docs/models/two.md
  - docs/models/type.md
  - docs/models/unarchiveftmodelout.md
  - docs/models/unarchiveftmodeloutobject.md
  - docs/models/updateftmodelin.md
  - docs/models/uploadfileout.md
  - docs/models/usageinfo.md
  - docs/models/usermessage.md
  - docs/models/usermessagecontent.md
  - docs/models/usermessagerole.md
  - docs/models/utils/retryconfig.md
  - docs/models/validationerror.md
  - docs/models/wandbintegration.md
  - docs/models/wandbintegrationout.md
  - docs/models/wandbintegrationouttype.md
  - docs/models/wandbintegrationtype.md
  - docs/sdks/agents/README.md
  - docs/sdks/batch/README.md
  - docs/sdks/chat/README.md
  - docs/sdks/classifiers/README.md
  - docs/sdks/embeddings/README.md
  - docs/sdks/files/README.md
  - docs/sdks/fim/README.md
  - docs/sdks/finetuning/README.md
  - docs/sdks/jobs/README.md
  - docs/sdks/mistral/README.md
  - docs/sdks/mistraljobs/README.md
  - docs/sdks/models/README.md
  - poetry.toml
  - py.typed
  - pylintrc
  - scripts/prepare-readme.py
  - scripts/publish.sh
  - src/mistralai/__init__.py
  - src/mistralai/_hooks/__init__.py
  - src/mistralai/_hooks/sdkhooks.py
  - src/mistralai/_hooks/types.py
  - src/mistralai/_version.py
  - src/mistralai/agents.py
  - src/mistralai/basesdk.py
  - src/mistralai/batch.py
  - src/mistralai/chat.py
  - src/mistralai/classifiers.py
  - src/mistralai/embeddings.py
  - src/mistralai/files.py
  - src/mistralai/fim.py
  - src/mistralai/fine_tuning.py
  - src/mistralai/httpclient.py
  - src/mistralai/jobs.py
  - src/mistralai/mistral_jobs.py
  - src/mistralai/models/__init__.py
  - src/mistralai/models/agentscompletionrequest.py
  - src/mistralai/models/agentscompletionstreamrequest.py
  - src/mistralai/models/apiendpoint.py
  - src/mistralai/models/archiveftmodelout.py
  - src/mistralai/models/assistantmessage.py
  - src/mistralai/models/basemodelcard.py
  - src/mistralai/models/batcherror.py
  - src/mistralai/models/batchjobin.py
  - src/mistralai/models/batchjobout.py
  - src/mistralai/models/batchjobsout.py
  - src/mistralai/models/batchjobstatus.py
  - src/mistralai/models/chatclassificationrequest.py
  - src/mistralai/models/chatcompletionchoice.py
  - src/mistralai/models/chatcompletionrequest.py
  - src/mistralai/models/chatcompletionresponse.py
  - src/mistralai/models/chatcompletionstreamrequest.py
  - src/mistralai/models/checkpointout.py
  - src/mistralai/models/classificationobject.py
  - src/mistralai/models/classificationrequest.py
  - src/mistralai/models/classificationresponse.py
  - src/mistralai/models/completionchunk.py
  - src/mistralai/models/completionevent.py
  - src/mistralai/models/completionresponsestreamchoice.py
  - src/mistralai/models/contentchunk.py
  - src/mistralai/models/delete_model_v1_models_model_id_deleteop.py
  - src/mistralai/models/deletefileout.py
  - src/mistralai/models/deletemodelout.py
  - src/mistralai/models/deltamessage.py
  - src/mistralai/models/detailedjobout.py
  - src/mistralai/models/embeddingrequest.py
  - src/mistralai/models/embeddingresponse.py
  - src/mistralai/models/embeddingresponsedata.py
  - src/mistralai/models/eventout.py
  - src/mistralai/models/filepurpose.py
  - src/mistralai/models/files_api_routes_delete_fileop.py
  - src/mistralai/models/files_api_routes_download_fileop.py
  - src/mistralai/models/files_api_routes_list_filesop.py
  - src/mistralai/models/files_api_routes_retrieve_fileop.py
  - src/mistralai/models/files_api_routes_upload_fileop.py
  - src/mistralai/models/fileschema.py
  - src/mistralai/models/fimcompletionrequest.py
  - src/mistralai/models/fimcompletionresponse.py
  - src/mistralai/models/fimcompletionstreamrequest.py
  - src/mistralai/models/finetuneablemodel.py
  - src/mistralai/models/ftmodelcapabilitiesout.py
  - src/mistralai/models/ftmodelcard.py
  - src/mistralai/models/ftmodelout.py
  - src/mistralai/models/function.py
  - src/mistralai/models/functioncall.py
  - src/mistralai/models/functionname.py
  - src/mistralai/models/githubrepositoryin.py
  - src/mistralai/models/githubrepositoryout.py
  - src/mistralai/models/httpvalidationerror.py
  - src/mistralai/models/imageurl.py
  - src/mistralai/models/imageurlchunk.py
  - src/mistralai/models/jobin.py
  - src/mistralai/models/jobmetadataout.py
  - src/mistralai/models/jobout.py
  - src/mistralai/models/jobs_api_routes_batch_cancel_batch_jobop.py
  - src/mistralai/models/jobs_api_routes_batch_get_batch_jobop.py
  - src/mistralai/models/jobs_api_routes_batch_get_batch_jobsop.py
  - src/mistralai/models/jobs_api_routes_fine_tuning_archive_fine_tuned_modelop.py
  - src/mistralai/models/jobs_api_routes_fine_tuning_cancel_fine_tuning_jobop.py
  - src/mistralai/models/jobs_api_routes_fine_tuning_create_fine_tuning_jobop.py
  - src/mistralai/models/jobs_api_routes_fine_tuning_get_fine_tuning_jobop.py
  - src/mistralai/models/jobs_api_routes_fine_tuning_get_fine_tuning_jobsop.py
  - src/mistralai/models/jobs_api_routes_fine_tuning_start_fine_tuning_jobop.py
  - src/mistralai/models/jobs_api_routes_fine_tuning_unarchive_fine_tuned_modelop.py
  - src/mistralai/models/jobs_api_routes_fine_tuning_update_fine_tuned_modelop.py
  - src/mistralai/models/jobsout.py
  - src/mistralai/models/legacyjobmetadataout.py
  - src/mistralai/models/listfilesout.py
  - src/mistralai/models/metricout.py
  - src/mistralai/models/modelcapabilities.py
  - src/mistralai/models/modellist.py
  - src/mistralai/models/responseformat.py
  - src/mistralai/models/responseformats.py
  - src/mistralai/models/retrieve_model_v1_models_model_id_getop.py
  - src/mistralai/models/retrievefileout.py
  - src/mistralai/models/sampletype.py
  - src/mistralai/models/sdkerror.py
  - src/mistralai/models/security.py
  - src/mistralai/models/source.py
  - src/mistralai/models/systemmessage.py
  - src/mistralai/models/textchunk.py
  - src/mistralai/models/tool.py
  - src/mistralai/models/toolcall.py
  - src/mistralai/models/toolchoice.py
  - src/mistralai/models/toolchoiceenum.py
  - src/mistralai/models/toolmessage.py
  - src/mistralai/models/tooltypes.py
  - src/mistralai/models/trainingfile.py
  - src/mistralai/models/trainingparameters.py
  - src/mistralai/models/trainingparametersin.py
  - src/mistralai/models/unarchiveftmodelout.py
  - src/mistralai/models/updateftmodelin.py
  - src/mistralai/models/uploadfileout.py
  - src/mistralai/models/usageinfo.py
  - src/mistralai/models/usermessage.py
  - src/mistralai/models/validationerror.py
  - src/mistralai/models/wandbintegration.py
  - src/mistralai/models/wandbintegrationout.py
  - src/mistralai/models_.py
  - src/mistralai/py.typed
  - src/mistralai/sdk.py
  - src/mistralai/sdkconfiguration.py
  - src/mistralai/types/__init__.py
  - src/mistralai/types/basemodel.py
  - src/mistralai/utils/__init__.py
  - src/mistralai/utils/annotations.py
  - src/mistralai/utils/enums.py
  - src/mistralai/utils/eventstreaming.py
  - src/mistralai/utils/forms.py
  - src/mistralai/utils/headers.py
  - src/mistralai/utils/logger.py
  - src/mistralai/utils/metadata.py
  - src/mistralai/utils/queryparams.py
  - src/mistralai/utils/requestbodies.py
  - src/mistralai/utils/retries.py
  - src/mistralai/utils/security.py
  - src/mistralai/utils/serializers.py
  - src/mistralai/utils/url.py
  - src/mistralai/utils/values.py
examples:
  list_models_v1_models_get:
    speakeasy-default-list-models-v1-models-get: {}
  retrieve_model_v1_models__model_id__get:
    "":
      parameters:
        path:
          model_id: "ft:open-mistral-7b:587a6b29:20240514:7e773925"
      responses:
        "200":
          application/json: {"id": "<id>"}
        "422": {}
  delete_model_v1_models__model_id__delete:
    "":
      parameters:
        path:
          model_id: "ft:open-mistral-7b:587a6b29:20240514:7e773925"
      responses:
        "200":
          application/json: {"id": "ft:open-mistral-7b:587a6b29:20240514:7e773925", "deleted": true}
        "422": {}
  jobs_api_routes_fine_tuning_update_fine_tuned_model:
    "":
      parameters:
        path:
          model_id: "ft:open-mistral-7b:587a6b29:20240514:7e773925"
      responses:
        "200":
          application/json: {"id": "<id>", "created": 857478, "owned_by": "<value>", "root": "<value>", "archived": true, "job": "905bf4aa-77f2-404e-b754-c352acfe5407"}
  jobs_api_routes_fine_tuning_archive_fine_tuned_model:
    "":
      parameters:
        path:
          model_id: "ft:open-mistral-7b:587a6b29:20240514:7e773925"
      responses:
        "200":
          application/json: {"id": "<id>"}
  jobs_api_routes_fine_tuning_unarchive_fine_tuned_model:
    "":
      parameters:
        path:
          model_id: "ft:open-mistral-7b:587a6b29:20240514:7e773925"
      responses:
        "200":
          application/json: {"id": "<id>"}
  files_api_routes_upload_file:
    speakeasy-default-files-api-routes-upload-file:
      requestBody:
        multipart/form-data: {"file": {}}
      responses:
        "200":
          application/json: {"id": "497f6eca-6276-4993-bfeb-53cbbbba6f09", "object": "file", "bytes": 13000, "created_at": 1716963433, "filename": "files_upload.jsonl", "purpose": "fine-tune", "sample_type": "pretrain", "source": "upload"}
  files_api_routes_list_files:
    speakeasy-default-files-api-routes-list-files:
      responses:
        "200":
          application/json: {"data": [], "object": "<value>", "total": 768578}
  files_api_routes_retrieve_file:
    speakeasy-default-files-api-routes-retrieve-file:
      parameters:
        path:
          file_id: "<value>"
      responses:
        "200":
          application/json: {"id": "497f6eca-6276-4993-bfeb-53cbbbba6f09", "object": "file", "bytes": 13000, "created_at": 1716963433, "filename": "files_upload.jsonl", "purpose": "fine-tune", "sample_type": "pretrain", "source": "repository", "deleted": false}
  files_api_routes_delete_file:
    speakeasy-default-files-api-routes-delete-file:
      parameters:
        path:
          file_id: "<value>"
      responses:
        "200":
          application/json: {"id": "497f6eca-6276-4993-bfeb-53cbbbba6f09", "object": "file", "deleted": false}
  jobs_api_routes_fine_tuning_get_fine_tuning_jobs:
    speakeasy-default-jobs-api-routes-fine-tuning-get-fine-tuning-jobs:
      responses:
        "200":
          application/json: {"total": 768578}
  jobs_api_routes_fine_tuning_create_fine_tuning_job:
    speakeasy-default-jobs-api-routes-fine-tuning-create-fine-tuning-job:
      requestBody:
        application/json: {"model": "codestral-latest"}
      responses:
        "200":
          application/json: {"id": "a621cf02-1cd9-4cf5-8403-315211a509a3", "auto_start": false, "model": "open-mistral-7b", "status": "FAILED", "job_type": "<value>", "created_at": 550483, "modified_at": 906537, "training_files": ["74c2becc-3769-4177-b5e0-24985613de0e"]}
  jobs_api_routes_fine_tuning_get_fine_tuning_job:
    speakeasy-default-jobs-api-routes-fine-tuning-get-fine-tuning-job:
      parameters:
        path:
          job_id: "b18d8d81-fd7b-4764-a31e-475cb1f36591"
      responses:
        "200":
          application/json: {"id": "58ccc65b-c928-4154-952e-30c048b8c2b5", "auto_start": false, "model": "open-mistral-nemo", "status": "VALIDATED", "job_type": "<value>", "created_at": 968091, "modified_at": 32069, "training_files": [], "checkpoints": []}
  jobs_api_routes_fine_tuning_cancel_fine_tuning_job:
    speakeasy-default-jobs-api-routes-fine-tuning-cancel-fine-tuning-job:
      parameters:
        path:
          job_id: "03fa7112-315a-4072-a9f2-43f3f1ec962e"
      responses:
        "200":
          application/json: {"id": "fb7dec95-f740-47b2-b8ee-d9b046936a67", "auto_start": true, "model": "mistral-large-latest", "status": "VALIDATED", "job_type": "<value>", "created_at": 252151, "modified_at": 56775, "training_files": [], "checkpoints": []}
  jobs_api_routes_fine_tuning_start_fine_tuning_job:
    speakeasy-default-jobs-api-routes-fine-tuning-start-fine-tuning-job:
      parameters:
        path:
          job_id: "0eb0f807-fb9f-4e46-9c13-4e257df6e1ba"
      responses:
        "200":
          application/json: {"id": "bc3810ce-43e6-4fde-85a4-cd01d1f9cf8f", "auto_start": true, "model": "codestral-latest", "status": "RUNNING", "job_type": "<value>", "created_at": 186591, "modified_at": 451468, "training_files": [], "checkpoints": []}
  chat_completion_v1_chat_completions_post:
    speakeasy-default-chat-completion-v1-chat-completions-post:
      requestBody:
        application/json: {"model": "mistral-small-latest", "messages": [{"content": "Who is the best French painter? Answer in one short sentence.", "role": "user"}]}
      responses:
        "200":
          application/json: {"id": "cmpl-e5cc70bb28c444948073e77776eb30ef", "object": "chat.completion", "model": "mistral-small-latest", "usage": {"prompt_tokens": 16, "completion_tokens": 34, "total_tokens": 50}, "created": 1702256327, "choices": []}
        "422": {}
  stream_chat:
    speakeasy-default-stream-chat:
      requestBody:
        application/json: {"model": "mistral-small-latest", "messages": [{"content": "Who is the best French painter? Answer in one short sentence.", "role": "user"}]}
  fim_completion_v1_fim_completions_post:
    speakeasy-default-fim-completion-v1-fim-completions-post:
      requestBody:
        application/json: {"model": "codestral-2405", "prompt": "def", "suffix": "return a+b"}
      responses:
        "200":
          application/json: {"id": "cmpl-e5cc70bb28c444948073e77776eb30ef", "object": "chat.completion", "model": "codestral-latest", "usage": {"prompt_tokens": 16, "completion_tokens": 34, "total_tokens": 50}, "created": 1702256327, "choices": []}
        "422": {}
  stream_fim:
    speakeasy-default-stream-fim:
      requestBody:
        application/json: {"model": "codestral-2405", "prompt": "def", "suffix": "return a+b"}
  agents_completion_v1_agents_completions_post:
    speakeasy-default-agents-completion-v1-agents-completions-post:
      requestBody:
        application/json: {"messages": [{"content": "Who is the best French painter? Answer in one short sentence.", "role": "user"}], "agent_id": "<value>"}
      responses:
        "200":
          application/json: {"id": "cmpl-e5cc70bb28c444948073e77776eb30ef", "object": "chat.completion", "model": "mistral-small-latest", "usage": {"prompt_tokens": 16, "completion_tokens": 34, "total_tokens": 50}, "created": 1702256327, "choices": []}
        "422": {}
  stream_agents:
    speakeasy-default-stream-agents:
      requestBody:
        application/json: {"messages": [{"content": "Who is the best French painter? Answer in one short sentence.", "role": "user"}], "agent_id": "<value>"}
  embeddings_v1_embeddings_post:
    speakeasy-default-embeddings-v1-embeddings-post:
      requestBody:
        application/json: {"input": ["Embed this sentence.", "As well as this one."], "model": "Wrangler"}
      responses:
        "200":
          application/json: {"id": "cmpl-e5cc70bb28c444948073e77776eb30ef", "object": "chat.completion", "model": "mistral-small-latest", "usage": {"prompt_tokens": 16, "completion_tokens": 34, "total_tokens": 50}, "data": [{"object": "embedding", "embedding": [0.1, 0.2, 0.3], "index": 0}]}
        "422": {}
  files_api_routes_download_file:
    speakeasy-default-files-api-routes-download-file:
      parameters:
        path:
          file_id: "<id>"
  jobs_api_routes_batch_get_batch_jobs:
    speakeasy-default-jobs-api-routes-batch-get-batch-jobs:
      responses:
        "200":
          application/json: {"total": 768578}
  jobs_api_routes_batch_create_batch_job:
    speakeasy-default-jobs-api-routes-batch-create-batch-job:
      requestBody:
        application/json: {"input_files": ["a621cf02-1cd9-4cf5-8403-315211a509a3"], "endpoint": "/v1/fim/completions", "model": "2"}
      responses:
        "200":
          application/json: {"id": "<id>", "input_files": ["8e774c2b-ecc3-4769-b177-5e024985613d", "0ee803d5-6a1d-4f94-836b-fd39494798bc"], "endpoint": "<value>", "model": "Impala", "errors": [{"message": "<value>"}, {"message": "<value>"}, {"message": "<value>"}], "status": "RUNNING", "created_at": 770370, "total_requests": 350586, "completed_requests": 95214, "succeeded_requests": 930830, "failed_requests": 617761}
  jobs_api_routes_batch_get_batch_job:
    speakeasy-default-jobs-api-routes-batch-get-batch-job:
      parameters:
        path:
          job_id: "b888f774-3e7c-4135-a18c-6b985523c4bc"
      responses:
        "200":
          application/json: {"id": "<id>", "input_files": ["50f76228-1da8-44bc-b661-c8a99c6b71b6", "cd62b8f7-112a-4af0-bab4-e43b4cca3716", "620807aa-1f8c-4f05-ad89-d58ee381f6b4"], "endpoint": "<value>", "model": "Golf", "errors": [{"message": "<value>"}, {"message": "<value>"}], "status": "SUCCESS", "created_at": 790898, "total_requests": 55097, "completed_requests": 578320, "succeeded_requests": 856562, "failed_requests": 328633}
  jobs_api_routes_batch_cancel_batch_job:
    speakeasy-default-jobs-api-routes-batch-cancel-batch-job:
      parameters:
        path:
          job_id: "0f713502-9233-41c6-9ebd-c570b7edb496"
      responses:
        "200":
          application/json: {"id": "<id>", "input_files": ["50fbe4e3-e326-4135-8744-d82f3fd6b3c1", "eb45e247-ac10-4cdc-8311-2f7cc9241230", "4afaa0f8-4bd4-4945-9116-89d07a64aa72"], "endpoint": "<value>", "model": "Alpine", "errors": [{"message": "<value>"}, {"message": "<value>"}], "status": "QUEUED", "created_at": 709109, "total_requests": 275794, "completed_requests": 158938, "succeeded_requests": 12381, "failed_requests": 11864}
  moderations_v1_moderations_post:
    speakeasy-default-moderations-v1-moderations-post:
      requestBody:
        application/json: {"input": ["<value>"]}
      responses:
        "200":
          application/json: {"id": "mod-e5cc70bb28c444948073e77776eb30ef"}
        "422": {}
  moderations_chat_v1_chat_moderations_post:
    speakeasy-default-moderations-chat-v1-chat-moderations-post:
      requestBody:
        application/json: {"input": [[{"content": "<value>"}, {"content": []}, {"content": "<value>"}], []], "model": "V90"}
      responses:
        "200":
          application/json: {"id": "mod-e5cc70bb28c444948073e77776eb30ef"}
        "422": {}
