lockVersion: 2.0.0
id: 2d045ec7-2ebb-4f4d-ad25-40953b132161
management:
  docChecksum: 308ecf5eb0d7f4aeccb8c33611fd2718
  docVersion: 0.0.2
  speakeasyVersion: 1.517.3
  generationVersion: 2.548.6
  releaseVersion: 1.7.0
  configChecksum: d52ab0a71ab9e0798da08262c59bf31d
  repoURL: https://github.com/mistralai/client-python.git
  installationURL: https://github.com/mistralai/client-python.git
  published: true
features:
  python:
    additionalDependencies: 1.0.0
    constsAndDefaults: 1.0.5
    core: 5.12.3
    customCodeRegions: 0.1.1
    defaultEnabledRetries: 0.2.0
    downloadStreams: 1.0.1
    enumUnions: 0.1.0
    envVarSecurityUsage: 0.3.2
    examples: 3.0.1
    flatRequests: 1.0.1
    flattening: 3.1.1
    globalSecurity: 3.0.3
    globalSecurityCallbacks: 1.0.0
    globalSecurityFlattening: 1.0.0
    globalServerURLs: 3.1.0
    methodArguments: 1.0.2
    multipartFileContentType: 1.0.0
    nameOverrides: 3.0.1
    nullables: 1.0.1
    openEnums: 1.0.0
    responseFormat: 1.0.1
    retries: 3.0.2
    sdkHooks: 1.0.1
    serverEvents: 1.0.7
    serverEventsSentinels: 0.1.0
    serverIDs: 3.0.0
    unions: 3.0.4
    uploadStreams: 1.0.0
generatedFiles:
  - .gitattributes
  - .python-version
  - .vscode/settings.json
  - USAGE.md
  - docs/models/agentscompletionrequest.md
  - docs/models/agentscompletionrequestmessages.md
  - docs/models/agentscompletionrequeststop.md
  - docs/models/agentscompletionrequesttoolchoice.md
  - docs/models/agentscompletionstreamrequest.md
  - docs/models/agentscompletionstreamrequestmessages.md
  - docs/models/agentscompletionstreamrequeststop.md
  - docs/models/agentscompletionstreamrequesttoolchoice.md
  - docs/models/apiendpoint.md
  - docs/models/archiveftmodelout.md
  - docs/models/archiveftmodeloutobject.md
  - docs/models/arguments.md
  - docs/models/assistantmessage.md
  - docs/models/assistantmessagecontent.md
  - docs/models/assistantmessagerole.md
  - docs/models/basemodelcard.md
  - docs/models/batcherror.md
  - docs/models/batchjobin.md
  - docs/models/batchjobout.md
  - docs/models/batchjoboutobject.md
  - docs/models/batchjobsout.md
  - docs/models/batchjobsoutobject.md
  - docs/models/batchjobstatus.md
  - docs/models/chatclassificationrequest.md
  - docs/models/chatclassificationrequestinputs.md
  - docs/models/chatcompletionchoice.md
  - docs/models/chatcompletionrequest.md
  - docs/models/chatcompletionrequesttoolchoice.md
  - docs/models/chatcompletionresponse.md
  - docs/models/chatcompletionstreamrequest.md
  - docs/models/chatcompletionstreamrequestmessages.md
  - docs/models/chatcompletionstreamrequeststop.md
  - docs/models/chatcompletionstreamrequesttoolchoice.md
  - docs/models/chatmoderationrequest.md
  - docs/models/chatmoderationrequestinputs.md
  - docs/models/checkpointout.md
  - docs/models/classificationrequest.md
  - docs/models/classificationrequestinputs.md
  - docs/models/classificationresponse.md
  - docs/models/classificationtargetresult.md
  - docs/models/classifierdetailedjobout.md
  - docs/models/classifierdetailedjoboutintegrations.md
  - docs/models/classifierdetailedjoboutjobtype.md
  - docs/models/classifierdetailedjoboutobject.md
  - docs/models/classifierdetailedjoboutstatus.md
  - docs/models/classifierftmodelout.md
  - docs/models/classifierftmodeloutmodeltype.md
  - docs/models/classifierftmodeloutobject.md
  - docs/models/classifierjobout.md
  - docs/models/classifierjoboutintegrations.md
  - docs/models/classifierjoboutjobtype.md
  - docs/models/classifierjoboutobject.md
  - docs/models/classifierjoboutstatus.md
  - docs/models/classifiertargetin.md
  - docs/models/classifiertargetout.md
  - docs/models/classifiertrainingparameters.md
  - docs/models/classifiertrainingparametersin.md
  - docs/models/completionchunk.md
  - docs/models/completiondetailedjobout.md
  - docs/models/completiondetailedjoboutintegrations.md
  - docs/models/completiondetailedjoboutjobtype.md
  - docs/models/completiondetailedjoboutobject.md
  - docs/models/completiondetailedjoboutrepositories.md
  - docs/models/completiondetailedjoboutstatus.md
  - docs/models/completionevent.md
  - docs/models/completionftmodelout.md
  - docs/models/completionftmodeloutobject.md
  - docs/models/completionjobout.md
  - docs/models/completionresponsestreamchoice.md
  - docs/models/completionresponsestreamchoicefinishreason.md
  - docs/models/completiontrainingparameters.md
  - docs/models/completiontrainingparametersin.md
  - docs/models/content.md
  - docs/models/contentchunk.md
  - docs/models/data.md
  - docs/models/deletefileout.md
  - docs/models/deletemodelout.md
  - docs/models/deletemodelv1modelsmodeliddeleterequest.md
  - docs/models/deltamessage.md
  - docs/models/document.md
  - docs/models/documenturlchunk.md
  - docs/models/documenturlchunktype.md
  - docs/models/embeddingrequest.md
  - docs/models/embeddingresponse.md
  - docs/models/embeddingresponsedata.md
  - docs/models/eventout.md
  - docs/models/file.md
  - docs/models/filepurpose.md
  - docs/models/filesapiroutesdeletefilerequest.md
  - docs/models/filesapiroutesdownloadfilerequest.md
  - docs/models/filesapiroutesgetsignedurlrequest.md
  - docs/models/filesapirouteslistfilesrequest.md
  - docs/models/filesapiroutesretrievefilerequest.md
  - docs/models/filesapiroutesuploadfilemultipartbodyparams.md
  - docs/models/fileschema.md
  - docs/models/filesignedurl.md
  - docs/models/fimcompletionrequest.md
  - docs/models/fimcompletionrequeststop.md
  - docs/models/fimcompletionresponse.md
  - docs/models/fimcompletionstreamrequest.md
  - docs/models/fimcompletionstreamrequeststop.md
  - docs/models/finetuneablemodeltype.md
  - docs/models/finishreason.md
  - docs/models/ftclassifierlossfunction.md
  - docs/models/ftmodelcapabilitiesout.md
  - docs/models/ftmodelcard.md
  - docs/models/ftmodelcardtype.md
  - docs/models/function.md
  - docs/models/functioncall.md
  - docs/models/functionname.md
  - docs/models/githubrepositoryin.md
  - docs/models/githubrepositoryintype.md
  - docs/models/githubrepositoryout.md
  - docs/models/githubrepositoryouttype.md
  - docs/models/httpvalidationerror.md
  - docs/models/hyperparameters.md
  - docs/models/imageurl.md
  - docs/models/imageurlchunk.md
  - docs/models/imageurlchunkimageurl.md
  - docs/models/imageurlchunktype.md
  - docs/models/inputs.md
  - docs/models/inputsinputs.md
  - docs/models/inputsmessages.md
  - docs/models/instructrequestannotatedunionsystemmessageusermessageassistantmessagetoolmessagefieldinfoannotationnonetyperequiredtruediscriminatorroletool.md
  - docs/models/instructrequestannotatedunionsystemmessageusermessageassistantmessagetoolmessagefieldinfoannotationnonetyperequiredtruediscriminatorroletoolmessages.md
  - docs/models/integrations.md
  - docs/models/jobin.md
  - docs/models/jobinintegrations.md
  - docs/models/jobinrepositories.md
  - docs/models/jobmetadataout.md
  - docs/models/jobsapiroutesbatchcancelbatchjobrequest.md
  - docs/models/jobsapiroutesbatchgetbatchjobrequest.md
  - docs/models/jobsapiroutesbatchgetbatchjobsrequest.md
  - docs/models/jobsapiroutesfinetuningarchivefinetunedmodelrequest.md
  - docs/models/jobsapiroutesfinetuningcancelfinetuningjobrequest.md
  - docs/models/jobsapiroutesfinetuningcancelfinetuningjobresponse.md
  - docs/models/jobsapiroutesfinetuningcreatefinetuningjobresponse.md
  - docs/models/jobsapiroutesfinetuninggetfinetuningjobrequest.md
  - docs/models/jobsapiroutesfinetuninggetfinetuningjobresponse.md
  - docs/models/jobsapiroutesfinetuninggetfinetuningjobsrequest.md
  - docs/models/jobsapiroutesfinetuningstartfinetuningjobrequest.md
  - docs/models/jobsapiroutesfinetuningstartfinetuningjobresponse.md
  - docs/models/jobsapiroutesfinetuningunarchivefinetunedmodelrequest.md
  - docs/models/jobsapiroutesfinetuningupdatefinetunedmodelrequest.md
  - docs/models/jobsapiroutesfinetuningupdatefinetunedmodelresponse.md
  - docs/models/jobsout.md
  - docs/models/jobsoutdata.md
  - docs/models/jobsoutobject.md
  - docs/models/jobtype.md
  - docs/models/jsonschema.md
  - docs/models/legacyjobmetadataout.md
  - docs/models/legacyjobmetadataoutobject.md
  - docs/models/listfilesout.md
  - docs/models/loc.md
  - docs/models/messages.md
  - docs/models/metadata.md
  - docs/models/metricout.md
  - docs/models/modality.md
  - docs/models/modelcapabilities.md
  - docs/models/modellist.md
  - docs/models/modeltype.md
  - docs/models/moderationobject.md
  - docs/models/moderationresponse.md
  - docs/models/object.md
  - docs/models/ocrimageobject.md
  - docs/models/ocrpagedimensions.md
  - docs/models/ocrpageobject.md
  - docs/models/ocrrequest.md
  - docs/models/ocrresponse.md
  - docs/models/ocrusageinfo.md
  - docs/models/one.md
  - docs/models/prediction.md
  - docs/models/queryparamstatus.md
  - docs/models/referencechunk.md
  - docs/models/referencechunktype.md
  - docs/models/repositories.md
  - docs/models/response1.md
  - docs/models/responseformat.md
  - docs/models/responseformats.md
  - docs/models/retrievefileout.md
  - docs/models/retrievemodelv1modelsmodelidgetrequest.md
  - docs/models/retrievemodelv1modelsmodelidgetresponseretrievemodelv1modelsmodelidget.md
  - docs/models/role.md
  - docs/models/sampletype.md
  - docs/models/security.md
  - docs/models/source.md
  - docs/models/status.md
  - docs/models/stop.md
  - docs/models/systemmessage.md
  - docs/models/systemmessagecontent.md
  - docs/models/textchunk.md
  - docs/models/textchunktype.md
  - docs/models/tool.md
  - docs/models/toolcall.md
  - docs/models/toolchoice.md
  - docs/models/toolchoiceenum.md
  - docs/models/toolmessage.md
  - docs/models/toolmessagecontent.md
  - docs/models/toolmessagerole.md
  - docs/models/tooltypes.md
  - docs/models/trainingfile.md
  - docs/models/transcriptionparams.md
  - docs/models/two.md
  - docs/models/type.md
  - docs/models/unarchiveftmodelout.md
  - docs/models/unarchiveftmodeloutobject.md
  - docs/models/updateftmodelin.md
  - docs/models/uploadfileout.md
  - docs/models/usageinfo.md
  - docs/models/usermessage.md
  - docs/models/usermessagecontent.md
  - docs/models/usermessagerole.md
  - docs/models/utils/retryconfig.md
  - docs/models/validationerror.md
  - docs/models/wandbintegration.md
  - docs/models/wandbintegrationout.md
  - docs/models/wandbintegrationouttype.md
  - docs/models/wandbintegrationtype.md
  - docs/sdks/agents/README.md
  - docs/sdks/batch/README.md
  - docs/sdks/chat/README.md
  - docs/sdks/classifiers/README.md
  - docs/sdks/embeddings/README.md
  - docs/sdks/files/README.md
  - docs/sdks/fim/README.md
  - docs/sdks/finetuning/README.md
  - docs/sdks/jobs/README.md
  - docs/sdks/mistral/README.md
  - docs/sdks/mistraljobs/README.md
  - docs/sdks/models/README.md
  - docs/sdks/ocr/README.md
  - poetry.toml
  - py.typed
  - pylintrc
  - scripts/prepare_readme.py
  - scripts/publish.sh
  - src/mistralai/__init__.py
  - src/mistralai/_hooks/__init__.py
  - src/mistralai/_hooks/sdkhooks.py
  - src/mistralai/_hooks/types.py
  - src/mistralai/_version.py
  - src/mistralai/agents.py
  - src/mistralai/basesdk.py
  - src/mistralai/batch.py
  - src/mistralai/chat.py
  - src/mistralai/classifiers.py
  - src/mistralai/embeddings.py
  - src/mistralai/files.py
  - src/mistralai/fim.py
  - src/mistralai/fine_tuning.py
  - src/mistralai/httpclient.py
  - src/mistralai/jobs.py
  - src/mistralai/mistral_jobs.py
  - src/mistralai/models/__init__.py
  - src/mistralai/models/agentscompletionrequest.py
  - src/mistralai/models/agentscompletionstreamrequest.py
  - src/mistralai/models/apiendpoint.py
  - src/mistralai/models/archiveftmodelout.py
  - src/mistralai/models/assistantmessage.py
  - src/mistralai/models/basemodelcard.py
  - src/mistralai/models/batcherror.py
  - src/mistralai/models/batchjobin.py
  - src/mistralai/models/batchjobout.py
  - src/mistralai/models/batchjobsout.py
  - src/mistralai/models/batchjobstatus.py
  - src/mistralai/models/chatclassificationrequest.py
  - src/mistralai/models/chatcompletionchoice.py
  - src/mistralai/models/chatcompletionrequest.py
  - src/mistralai/models/chatcompletionresponse.py
  - src/mistralai/models/chatcompletionstreamrequest.py
  - src/mistralai/models/chatmoderationrequest.py
  - src/mistralai/models/checkpointout.py
  - src/mistralai/models/classificationrequest.py
  - src/mistralai/models/classificationresponse.py
  - src/mistralai/models/classificationtargetresult.py
  - src/mistralai/models/classifierdetailedjobout.py
  - src/mistralai/models/classifierftmodelout.py
  - src/mistralai/models/classifierjobout.py
  - src/mistralai/models/classifiertargetin.py
  - src/mistralai/models/classifiertargetout.py
  - src/mistralai/models/classifiertrainingparameters.py
  - src/mistralai/models/classifiertrainingparametersin.py
  - src/mistralai/models/completionchunk.py
  - src/mistralai/models/completiondetailedjobout.py
  - src/mistralai/models/completionevent.py
  - src/mistralai/models/completionftmodelout.py
  - src/mistralai/models/completionjobout.py
  - src/mistralai/models/completionresponsestreamchoice.py
  - src/mistralai/models/completiontrainingparameters.py
  - src/mistralai/models/completiontrainingparametersin.py
  - src/mistralai/models/contentchunk.py
  - src/mistralai/models/delete_model_v1_models_model_id_deleteop.py
  - src/mistralai/models/deletefileout.py
  - src/mistralai/models/deletemodelout.py
  - src/mistralai/models/deltamessage.py
  - src/mistralai/models/documenturlchunk.py
  - src/mistralai/models/embeddingrequest.py
  - src/mistralai/models/embeddingresponse.py
  - src/mistralai/models/embeddingresponsedata.py
  - src/mistralai/models/eventout.py
  - src/mistralai/models/filepurpose.py
  - src/mistralai/models/files_api_routes_delete_fileop.py
  - src/mistralai/models/files_api_routes_download_fileop.py
  - src/mistralai/models/files_api_routes_get_signed_urlop.py
  - src/mistralai/models/files_api_routes_list_filesop.py
  - src/mistralai/models/files_api_routes_retrieve_fileop.py
  - src/mistralai/models/files_api_routes_upload_fileop.py
  - src/mistralai/models/fileschema.py
  - src/mistralai/models/filesignedurl.py
  - src/mistralai/models/fimcompletionrequest.py
  - src/mistralai/models/fimcompletionresponse.py
  - src/mistralai/models/fimcompletionstreamrequest.py
  - src/mistralai/models/finetuneablemodeltype.py
  - src/mistralai/models/ftclassifierlossfunction.py
  - src/mistralai/models/ftmodelcapabilitiesout.py
  - src/mistralai/models/ftmodelcard.py
  - src/mistralai/models/function.py
  - src/mistralai/models/functioncall.py
  - src/mistralai/models/functionname.py
  - src/mistralai/models/githubrepositoryin.py
  - src/mistralai/models/githubrepositoryout.py
  - src/mistralai/models/httpvalidationerror.py
  - src/mistralai/models/imageurl.py
  - src/mistralai/models/imageurlchunk.py
  - src/mistralai/models/instructrequest_annotated_union_systemmessage_usermessage_assistantmessage_toolmessage_fieldinfo_annotation_nonetype_required_true_discriminator_role_tool_.py
  - src/mistralai/models/jobin.py
  - src/mistralai/models/jobmetadataout.py
  - src/mistralai/models/jobs_api_routes_batch_cancel_batch_jobop.py
  - src/mistralai/models/jobs_api_routes_batch_get_batch_jobop.py
  - src/mistralai/models/jobs_api_routes_batch_get_batch_jobsop.py
  - src/mistralai/models/jobs_api_routes_fine_tuning_archive_fine_tuned_modelop.py
  - src/mistralai/models/jobs_api_routes_fine_tuning_cancel_fine_tuning_jobop.py
  - src/mistralai/models/jobs_api_routes_fine_tuning_create_fine_tuning_jobop.py
  - src/mistralai/models/jobs_api_routes_fine_tuning_get_fine_tuning_jobop.py
  - src/mistralai/models/jobs_api_routes_fine_tuning_get_fine_tuning_jobsop.py
  - src/mistralai/models/jobs_api_routes_fine_tuning_start_fine_tuning_jobop.py
  - src/mistralai/models/jobs_api_routes_fine_tuning_unarchive_fine_tuned_modelop.py
  - src/mistralai/models/jobs_api_routes_fine_tuning_update_fine_tuned_modelop.py
  - src/mistralai/models/jobsout.py
  - src/mistralai/models/jsonschema.py
  - src/mistralai/models/legacyjobmetadataout.py
  - src/mistralai/models/listfilesout.py
  - src/mistralai/models/metricout.py
  - src/mistralai/models/modality.py
  - src/mistralai/models/modelcapabilities.py
  - src/mistralai/models/modellist.py
  - src/mistralai/models/moderationobject.py
  - src/mistralai/models/moderationresponse.py
  - src/mistralai/models/ocrimageobject.py
  - src/mistralai/models/ocrpagedimensions.py
  - src/mistralai/models/ocrpageobject.py
  - src/mistralai/models/ocrrequest.py
  - src/mistralai/models/ocrresponse.py
  - src/mistralai/models/ocrusageinfo.py
  - src/mistralai/models/prediction.py
  - src/mistralai/models/referencechunk.py
  - src/mistralai/models/responseformat.py
  - src/mistralai/models/responseformats.py
  - src/mistralai/models/retrieve_model_v1_models_model_id_getop.py
  - src/mistralai/models/retrievefileout.py
  - src/mistralai/models/sampletype.py
  - src/mistralai/models/sdkerror.py
  - src/mistralai/models/security.py
  - src/mistralai/models/source.py
  - src/mistralai/models/systemmessage.py
  - src/mistralai/models/textchunk.py
  - src/mistralai/models/tool.py
  - src/mistralai/models/toolcall.py
  - src/mistralai/models/toolchoice.py
  - src/mistralai/models/toolchoiceenum.py
  - src/mistralai/models/toolmessage.py
  - src/mistralai/models/tooltypes.py
  - src/mistralai/models/trainingfile.py
  - src/mistralai/models/transcriptionparams.py
  - src/mistralai/models/unarchiveftmodelout.py
  - src/mistralai/models/updateftmodelin.py
  - src/mistralai/models/uploadfileout.py
  - src/mistralai/models/usageinfo.py
  - src/mistralai/models/usermessage.py
  - src/mistralai/models/validationerror.py
  - src/mistralai/models/wandbintegration.py
  - src/mistralai/models/wandbintegrationout.py
  - src/mistralai/models_.py
  - src/mistralai/ocr.py
  - src/mistralai/py.typed
  - src/mistralai/sdk.py
  - src/mistralai/sdkconfiguration.py
  - src/mistralai/types/__init__.py
  - src/mistralai/types/basemodel.py
  - src/mistralai/utils/__init__.py
  - src/mistralai/utils/annotations.py
  - src/mistralai/utils/enums.py
  - src/mistralai/utils/eventstreaming.py
  - src/mistralai/utils/forms.py
  - src/mistralai/utils/headers.py
  - src/mistralai/utils/logger.py
  - src/mistralai/utils/metadata.py
  - src/mistralai/utils/queryparams.py
  - src/mistralai/utils/requestbodies.py
  - src/mistralai/utils/retries.py
  - src/mistralai/utils/security.py
  - src/mistralai/utils/serializers.py
  - src/mistralai/utils/url.py
  - src/mistralai/utils/values.py
examples:
  list_models_v1_models_get:
    speakeasy-default-list-models-v1-models-get:
      responses:
        "200":
          application/json: {"object": "list"}
        "422":
          application/json: {}
  retrieve_model_v1_models__model_id__get:
    "":
      parameters:
        path:
          model_id: "ft:open-mistral-7b:587a6b29:20240514:7e773925"
      responses:
        "200":
          application/json: {"id": "<id>", "object": "model", "owned_by": "mistralai", "capabilities": {"completion_chat": true, "completion_fim": false, "function_calling": true, "fine_tuning": false, "vision": false}, "max_context_length": 32768}
        "422": {}
  delete_model_v1_models__model_id__delete:
    "":
      parameters:
        path:
          model_id: "ft:open-mistral-7b:587a6b29:20240514:7e773925"
      responses:
        "200":
          application/json: {"id": "ft:open-mistral-7b:587a6b29:20240514:7e773925", "object": "model", "deleted": true}
        "422": {}
  jobs_api_routes_fine_tuning_update_fine_tuned_model:
    "":
      parameters:
        path:
          model_id: "ft:open-mistral-7b:587a6b29:20240514:7e773925"
      requestBody:
        application/json: {}
      responses:
        "200":
          application/json: {"id": "<id>", "created": 597129, "owned_by": "<value>", "root": "<value>", "archived": true, "capabilities": {"completion_chat": true, "completion_fim": false, "function_calling": false, "fine_tuning": false, "classification": false}, "max_context_length": 32768, "job": "fa7f0e74-32ce-447c-9b60-cc78135ddeb8"}
  jobs_api_routes_fine_tuning_archive_fine_tuned_model:
    "":
      parameters:
        path:
          model_id: "ft:open-mistral-7b:587a6b29:20240514:7e773925"
      responses:
        "200":
          application/json: {"id": "<id>", "archived": true}
  jobs_api_routes_fine_tuning_unarchive_fine_tuned_model:
    "":
      parameters:
        path:
          model_id: "ft:open-mistral-7b:587a6b29:20240514:7e773925"
      responses:
        "200":
          application/json: {"id": "<id>", "archived": false}
  files_api_routes_upload_file:
    speakeasy-default-files-api-routes-upload-file:
      requestBody:
        multipart/form-data: {"file": {}}
      responses:
        "200":
          application/json: {"id": "497f6eca-6276-4993-bfeb-53cbbbba6f09", "object": "file", "bytes": 13000, "created_at": 1716963433, "filename": "files_upload.jsonl", "purpose": "fine-tune", "sample_type": "batch_request", "source": "repository"}
  files_api_routes_list_files:
    speakeasy-default-files-api-routes-list-files:
      parameters:
        query:
          page: 0
          page_size: 100
      responses:
        "200":
          application/json: {"data": [{"id": "497f6eca-6276-4993-bfeb-53cbbbba6f09", "object": "file", "bytes": 13000, "created_at": 1716963433, "filename": "files_upload.jsonl", "purpose": "batch", "sample_type": "batch_result", "source": "upload"}, {"id": "497f6eca-6276-4993-bfeb-53cbbbba6f09", "object": "file", "bytes": 13000, "created_at": 1716963433, "filename": "files_upload.jsonl", "purpose": "fine-tune", "sample_type": "pretrain", "source": "repository"}, {"id": "497f6eca-6276-4993-bfeb-53cbbbba6f09", "object": "file", "bytes": 13000, "created_at": 1716963433, "filename": "files_upload.jsonl", "purpose": "batch", "sample_type": "pretrain", "source": "mistral"}], "object": "<value>", "total": 86140}
  files_api_routes_retrieve_file:
    speakeasy-default-files-api-routes-retrieve-file:
      parameters:
        path:
          file_id: "<id>"
      responses:
        "200":
          application/json: {"id": "497f6eca-6276-4993-bfeb-53cbbbba6f09", "object": "file", "bytes": 13000, "created_at": 1716963433, "filename": "files_upload.jsonl", "purpose": "fine-tune", "sample_type": "batch_error", "source": "upload", "deleted": true}
  files_api_routes_delete_file:
    speakeasy-default-files-api-routes-delete-file:
      parameters:
        path:
          file_id: "<id>"
      responses:
        "200":
          application/json: {"id": "497f6eca-6276-4993-bfeb-53cbbbba6f09", "object": "file", "deleted": false}
  files_api_routes_download_file:
    speakeasy-default-files-api-routes-download-file:
      parameters:
        path:
          file_id: "<id>"
      responses:
        "200":
          application/octet-stream: "x-file: example.file"
  files_api_routes_get_signed_url:
    speakeasy-default-files-api-routes-get-signed-url:
      parameters:
        path:
          file_id: "<id>"
        query:
          expiry: 24
      responses:
        "200":
          application/json: {"url": "https://scornful-daughter.com/"}
  jobs_api_routes_fine_tuning_get_fine_tuning_jobs:
    speakeasy-default-jobs-api-routes-fine-tuning-get-fine-tuning-jobs:
      parameters:
        query:
          page: 0
          page_size: 100
          created_by_me: false
      responses:
        "200":
          application/json: {"object": "list", "total": 768578}
  jobs_api_routes_fine_tuning_create_fine_tuning_job:
    speakeasy-default-jobs-api-routes-fine-tuning-create-fine-tuning-job:
      requestBody:
        application/json: {"model": "Fiesta", "invalid_sample_skip_percentage": 0, "hyperparameters": {"learning_rate": 0.0001}}
      responses:
        "200":
          application/json: {"expected_duration_seconds": 220, "cost": 10, "cost_currency": "EUR", "train_tokens_per_step": 131072, "train_tokens": 1310720, "data_tokens": 305375, "deprecated": true, "details": "<value>", "epochs": 4.2922, "training_steps": 10, "object": "job.metadata"}
  jobs_api_routes_fine_tuning_get_fine_tuning_job:
    speakeasy-default-jobs-api-routes-fine-tuning-get-fine-tuning-job:
      parameters:
        path:
          job_id: "b888f774-3e7c-4135-a18c-6b985523c4bc"
      responses:
        "200":
          application/json: {"id": "888f7743-e7c1-4351-b8c6-b985523c4bcb", "auto_start": true, "model": "2", "status": "CANCELLATION_REQUESTED", "created_at": 444836, "modified_at": 424256, "training_files": [], "object": "job", "job_type": "completion", "hyperparameters": {"learning_rate": 0.0001}, "checkpoints": [{"metrics": {}, "step_number": 550563, "created_at": 1716963433}]}
  jobs_api_routes_fine_tuning_cancel_fine_tuning_job:
    speakeasy-default-jobs-api-routes-fine-tuning-cancel-fine-tuning-job:
      parameters:
        path:
          job_id: "0f713502-9233-41c6-9ebd-c570b7edb496"
      responses:
        "200":
          application/json: {"id": "f7135029-2331-4c6e-bbdc-570b7edb4966", "auto_start": true, "model": "A4", "status": "CANCELLATION_REQUESTED", "created_at": 703131, "modified_at": 929437, "training_files": ["e3e32613-5744-4d82-8f3f-d6b3c11eb45e"], "object": "job", "job_type": "classifier", "hyperparameters": {"learning_rate": 0.0001}, "checkpoints": [{"metrics": {}, "step_number": 466651, "created_at": 1716963433}], "classifier_targets": [{"name": "<value>", "labels": ["<value>", "<value>", "<value>"], "weight": 687.66, "loss_function": "single_class"}, {"name": "<value>", "labels": ["<value>", "<value>", "<value>"], "weight": 8470.22, "loss_function": "multi_class"}]}
  jobs_api_routes_fine_tuning_start_fine_tuning_job:
    speakeasy-default-jobs-api-routes-fine-tuning-start-fine-tuning-job:
      parameters:
        path:
          job_id: "0bf0f9e6-c3e5-4d61-aac8-0e36dcac0dfc"
      responses:
        "200":
          application/json: {"id": "bf0f9e6c-3e5d-461a-ac80-e36dcac0dfc8", "auto_start": true, "model": "Explorer", "status": "RUNNING", "created_at": 961967, "modified_at": 914446, "training_files": ["82c4783e-31ec-471d-bbed-4c90a1b0dd73"], "object": "job", "job_type": "classifier", "hyperparameters": {"learning_rate": 0.0001}, "checkpoints": [{"metrics": {}, "step_number": 590686, "created_at": 1716963433}], "classifier_targets": [{"name": "<value>", "labels": ["<value>"], "weight": 5494.15, "loss_function": "single_class"}, {"name": "<value>", "labels": ["<value>", "<value>"], "weight": 7945.15, "loss_function": "single_class"}]}
  jobs_api_routes_batch_get_batch_jobs:
    speakeasy-default-jobs-api-routes-batch-get-batch-jobs:
      parameters:
        query:
          page: 0
          page_size: 100
          created_by_me: false
      responses:
        "200":
          application/json: {"object": "list", "total": 768578}
  jobs_api_routes_batch_create_batch_job:
    speakeasy-default-jobs-api-routes-batch-create-batch-job:
      requestBody:
        application/json: {"input_files": ["a621cf02-1cd9-4cf5-8403-315211a509a3"], "endpoint": "/v1/fim/completions", "model": "2", "timeout_hours": 24}
      responses:
        "200":
          application/json: {"id": "<id>", "object": "batch", "input_files": ["8e774c2b-ecc3-4769-b177-5e024985613d", "0ee803d5-6a1d-4f94-836b-fd39494798bc"], "endpoint": "<value>", "model": "Impala", "errors": [{"message": "<value>", "count": 1}, {"message": "<value>", "count": 1}, {"message": "<value>", "count": 1}], "status": "RUNNING", "created_at": 770370, "total_requests": 350586, "completed_requests": 95214, "succeeded_requests": 930830, "failed_requests": 617761}
  jobs_api_routes_batch_get_batch_job:
    speakeasy-default-jobs-api-routes-batch-get-batch-job:
      parameters:
        path:
          job_id: "b888f774-3e7c-4135-a18c-6b985523c4bc"
      responses:
        "200":
          application/json: {"id": "<id>", "object": "batch", "input_files": ["50f76228-1da8-44bc-b661-c8a99c6b71b6", "cd62b8f7-112a-4af0-bab4-e43b4cca3716", "620807aa-1f8c-4f05-ad89-d58ee381f6b4"], "endpoint": "<value>", "model": "Golf", "errors": [{"message": "<value>", "count": 1}, {"message": "<value>", "count": 1}], "status": "SUCCESS", "created_at": 790898, "total_requests": 55097, "completed_requests": 578320, "succeeded_requests": 856562, "failed_requests": 328633}
  jobs_api_routes_batch_cancel_batch_job:
    speakeasy-default-jobs-api-routes-batch-cancel-batch-job:
      parameters:
        path:
          job_id: "0f713502-9233-41c6-9ebd-c570b7edb496"
      responses:
        "200":
          application/json: {"id": "<id>", "object": "batch", "input_files": ["50fbe4e3-e326-4135-8744-d82f3fd6b3c1", "eb45e247-ac10-4cdc-8311-2f7cc9241230", "4afaa0f8-4bd4-4945-9116-89d07a64aa72"], "endpoint": "<value>", "model": "Alpine", "errors": [{"message": "<value>", "count": 1}, {"message": "<value>", "count": 1}], "status": "QUEUED", "created_at": 709109, "total_requests": 275794, "completed_requests": 158938, "succeeded_requests": 12381, "failed_requests": 11864}
  chat_completion_v1_chat_completions_post:
    speakeasy-default-chat-completion-v1-chat-completions-post:
      requestBody:
        application/json: {"model": "mistral-small-latest", "stream": false, "messages": [{"content": "Who is the best French painter? Answer in one short sentence.", "role": "user"}]}
      responses:
        "200":
          application/json: {"id": "cmpl-e5cc70bb28c444948073e77776eb30ef", "object": "chat.completion", "model": "mistral-small-latest", "usage": {"prompt_tokens": 16, "completion_tokens": 34, "total_tokens": 50}, "created": 1702256327, "choices": [{"index": 0, "message": {"prefix": false, "role": "assistant"}, "finish_reason": "stop"}, {"index": 0, "message": {"prefix": false, "role": "assistant"}, "finish_reason": "stop"}, {"index": 0, "message": {"prefix": false, "role": "assistant"}, "finish_reason": "stop"}]}
        "422":
          application/json: {}
  stream_chat:
    speakeasy-default-stream-chat:
      requestBody:
        application/json: {"model": "mistral-small-latest", "stream": true, "messages": [{"content": "Who is the best French painter? Answer in one short sentence.", "role": "user"}]}
      responses:
        "422":
          application/json: {}
        "200": {}
  fim_completion_v1_fim_completions_post:
    speakeasy-default-fim-completion-v1-fim-completions-post:
      requestBody:
        application/json: {"model": "codestral-2405", "top_p": 1, "stream": false, "prompt": "def", "suffix": "return a+b"}
      responses:
        "200":
          application/json: {"id": "cmpl-e5cc70bb28c444948073e77776eb30ef", "object": "chat.completion", "model": "codestral-latest", "usage": {"prompt_tokens": 16, "completion_tokens": 34, "total_tokens": 50}, "created": 1702256327, "choices": [{"index": 0, "message": {"prefix": false, "role": "assistant"}, "finish_reason": "stop"}, {"index": 0, "message": {"prefix": false, "role": "assistant"}, "finish_reason": "stop"}, {"index": 0, "message": {"prefix": false, "role": "assistant"}, "finish_reason": "stop"}]}
        "422":
          application/json: {}
  stream_fim:
    speakeasy-default-stream-fim:
      requestBody:
        application/json: {"model": "codestral-2405", "top_p": 1, "stream": true, "prompt": "def", "suffix": "return a+b"}
      responses:
        "422":
          application/json: {}
        "200": {}
  agents_completion_v1_agents_completions_post:
    speakeasy-default-agents-completion-v1-agents-completions-post:
      requestBody:
        application/json: {"stream": false, "messages": [{"content": "Who is the best French painter? Answer in one short sentence.", "role": "user"}], "agent_id": "<id>"}
      responses:
        "200":
          application/json: {"id": "cmpl-e5cc70bb28c444948073e77776eb30ef", "object": "chat.completion", "model": "mistral-small-latest", "usage": {"prompt_tokens": 16, "completion_tokens": 34, "total_tokens": 50}, "created": 1702256327, "choices": [{"index": 0, "message": {"prefix": false, "role": "assistant"}, "finish_reason": "stop"}, {"index": 0, "message": {"prefix": false, "role": "assistant"}, "finish_reason": "stop"}, {"index": 0, "message": {"prefix": false, "role": "assistant"}, "finish_reason": "stop"}]}
        "422":
          application/json: {}
  stream_agents:
    speakeasy-default-stream-agents:
      requestBody:
        application/json: {"stream": true, "messages": [{"content": "Who is the best French painter? Answer in one short sentence.", "role": "user"}], "agent_id": "<id>"}
      responses:
        "422":
          application/json: {}
        "200": {}
  embeddings_v1_embeddings_post:
    speakeasy-default-embeddings-v1-embeddings-post:
      requestBody:
        application/json: {"model": "mistral-embed", "input": ["Embed this sentence.", "As well as this one."]}
      responses:
        "200":
          application/json: {"id": "cmpl-e5cc70bb28c444948073e77776eb30ef", "object": "chat.completion", "model": "mistral-small-latest", "usage": {"prompt_tokens": 16, "completion_tokens": 34, "total_tokens": 50}, "data": [{"object": "embedding", "embedding": [0.1, 0.2, 0.3], "index": 0}, {"object": "embedding", "embedding": [0.4, 0.5, 0.6], "index": 1}]}
        "422":
          application/json: {}
  moderations_v1_moderations_post:
    speakeasy-default-moderations-v1-moderations-post:
      requestBody:
        application/json: {"model": "V90", "input": ["<value>"]}
      responses:
        "200":
          application/json: {"id": "mod-e5cc70bb28c444948073e77776eb30ef", "model": "V90", "results": [{}]}
        "422":
          application/json: {}
  moderations_chat_v1_chat_moderations_post:
    speakeasy-default-moderations-chat-v1-chat-moderations-post:
      requestBody:
        application/json: {"model": "Roadster", "input": [[{"content": "<value>", "role": "tool"}, {"content": "<value>", "role": "tool"}, {"content": "<value>", "role": "tool"}], [{"prefix": false, "role": "assistant"}, {"content": "<value>", "role": "user"}, {"prefix": false, "role": "assistant"}]], "truncate_for_context_length": false}
      responses:
        "200":
          application/json: {"id": "mod-e5cc70bb28c444948073e77776eb30ef"}
        "422":
          application/json: {}
  ocr_v1_ocr_post:
    speakeasy-default-ocr-v1-ocr-post:
      requestBody:
        application/json: {"model": "Focus", "document": {"document_url": "https://dutiful-horst.org", "type": "document_url"}}
      responses:
        "200":
          application/json: {"pages": [], "model": "A4", "usage_info": {"pages_processed": 442675}}
        "422":
          application/json: {}
  chat_moderations_v1_chat_moderations_post:
    speakeasy-default-chat-moderations-v1-chat-moderations-post:
      requestBody:
        application/json: {"model": "Model Y", "input": [[{"content": [], "role": "system"}, {"content": "<value>", "role": "tool"}], [{"prefix": false, "role": "assistant"}, {"content": "<value>", "role": "user"}, {"prefix": false, "role": "assistant"}], [{"content": "<value>", "role": "system"}, {"content": [{"image_url": "https://fatherly-colon.name", "type": "image_url"}], "role": "user"}, {"content": "<value>", "role": "user"}]], "truncate_for_context_length": false}
      responses:
        "200":
          application/json: {"id": "mod-e5cc70bb28c444948073e77776eb30ef", "model": "Model Y", "results": [{}, {}]}
        "422":
          application/json: {}
  classifications_v1_classifications_post:
    speakeasy-default-classifications-v1-classifications-post:
      requestBody:
        application/json: {"model": "Altima", "input": "<value>"}
      responses:
        "200":
          application/json: {"id": "mod-e5cc70bb28c444948073e77776eb30ef", "model": "Camaro", "results": [{"key": {"scores": {"key": 6063.42, "key1": 1739.44}}, "key1": {"scores": {}}}, {"key": {"scores": {"key": 2625.67}}, "key1": {"scores": {}}}]}
        "422":
          application/json: {}
  chat_classifications_v1_chat_classifications_post:
    speakeasy-default-chat-classifications-v1-chat-classifications-post:
      requestBody:
        application/json: {"model": "Fortwo", "input": [{"messages": [{"prefix": false, "role": "assistant"}, {"prefix": false, "role": "assistant"}]}], "truncate_for_context_length": false}
      responses:
        "200":
          application/json: {"id": "mod-e5cc70bb28c444948073e77776eb30ef", "model": "CX-9", "results": [{"key": {"scores": {"key": 4386.53, "key1": 2974.85}}, "key1": {"scores": {"key": 7100.52, "key1": 480.47}}}]}
        "422":
          application/json: {}
examplesVersion: 1.0.0
generatedTests: {}
