src/mistralai/client/_hooks/sdkhooks.py
docs/models/messageoutputeventcontent.md
docs/models/classificationresponse.md
docs/models/tooltypes.md
docs/models/toolexecutionstartedevent.md
docs/models/unarchiveftmodeloutobject.md
src/mistralai/client/models/conversationrequest.py
docs/models/agentconversationobject.md
src/mistralai/client/models/listlibraryout.py
docs/models/agentsapiv1agentsupdaterequest.md
src/mistralai/client/models/agentaliasresponse.py
docs/models/embeddingresponse.md
docs/models/agentsapiv1agentsgetversionrequest.md
src/mistralai/client/models/libraryin.py
docs/models/agentscompletionstreamrequest.md
docs/models/function.md
docs/models/agentsapiv1agentsgetagentversion.md
docs/models/imagegenerationtool.md
docs/models/classifiertargetin.md
src/mistralai/client/models/realtimetranscriptionsession.py
src/mistralai/client/models/jobs_api_routes_batch_get_batch_jobsop.py
docs/models/agentsapiv1conversationsgetrequest.md
docs/models/messageoutputentry.md
docs/models/classificationrequestinputs.md
docs/models/chatcompletionrequestmessage.md
docs/models/thinking.md
src/mistralai/client/models/conversationinputs.py
docs/models/functionresultentry.md
docs/models/fimcompletionstreamrequeststop.md
docs/models/librariesupdatev1request.md
src/mistralai/client/models/agents_api_v1_conversations_appendop.py
docs/models/paginationinfo.md
docs/models/agenthandoffentry.md
docs/models/jobsapiroutesfinetuningupdatefinetunedmodelresponse.md
docs/models/moderationresponse.md
docs/models/toolexecutionentryobject.md
docs/models/completionresponsestreamchoicefinishreason.md
docs/models/jobsapiroutesfinetuningcreatefinetuningjobresponse.md
docs/models/modelcapabilities.md
docs/models/responseformats.md
docs/models/agentupdaterequest.md
src/mistralai/client/models/transcriptionstreamsegmentdelta.py
docs/models/sharingin.md
docs/models/responseformat.md
docs/models/imageurl.md
src/mistralai/client/models/processingstatusout.py
docs/models/messageoutputevent.md
src/mistralai/client/models/conversationusageinfo.py
src/mistralai/client/models/jobs_api_routes_fine_tuning_update_fine_tuned_modelop.py
src/mistralai/client/models/agents_api_v1_agents_get_versionop.py
src/mistralai/client/models/libraries_documents_get_v1op.py
docs/models/attributes.md
docs/models/agentscompletionrequeststop.md
src/mistralai/client/models/moderationresponse.py
src/mistralai/client/models/classifiertrainingparametersin.py
docs/models/audiochunk.md
src/mistralai/client/models/ocrrequest.py
src/mistralai/client/models/file.py
src/mistralai/client/models/ocrresponse.py
src/mistralai/client/models/classifiertargetin.py
docs/models/agentconversationagentversion.md
docs/models/classificationtargetresult.md
docs/models/tableformat.md
docs/models/classifiertrainingparameters.md
src/mistralai/client/models/shareenum.py
.vscode/settings.json
docs/models/messageoutputentrycontent.md
py.typed
docs/models/agentscompletionrequest.md
docs/models/completionjoboutrepository.md
src/mistralai/client/models/batchrequest.py
docs/models/entry.md
src/mistralai/client/models/modelcapabilities.py
docs/models/file.md
src/mistralai/client/models/mistralpromptmode.py
scripts/publish.sh
docs/models/agentscompletionstreamrequestmessage.md
docs/models/messageinputentrytype.md
src/mistralai/client/__init__.py
src/mistralai/client/_version.py
src/mistralai/client/models/ocrpageobject.py
docs/models/ocrimageobject.md
src/mistralai/client/basesdk.py
docs/models/ocrpagedimensions.md
src/mistralai/client/httpclient.py
docs/models/jobsapiroutesfinetuningstartfinetuningjobrequest.md
src/mistralai/client/py.typed
src/mistralai/client/types/__init__.py
docs/models/agentsapiv1agentsupdateversionrequest.md
src/mistralai/client/types/basemodel.py
src/mistralai/client/utils/__init__.py
src/mistralai/client/utils/annotations.py
src/mistralai/client/utils/datetimes.py
src/mistralai/client/utils/enums.py
src/mistralai/client/models/inputs.py
src/mistralai/client/utils/eventstreaming.py
src/mistralai/client/utils/forms.py
src/mistralai/client/utils/headers.py
src/mistralai/client/models/legacyjobmetadataout.py
src/mistralai/client/utils/logger.py
src/mistralai/client/utils/metadata.py
src/mistralai/client/utils/queryparams.py
src/mistralai/client/utils/requestbodies.py
src/mistralai/client/models/jobs_api_routes_fine_tuning_start_fine_tuning_jobop.py
docs/models/toolexecutionentryname.md
src/mistralai/client/utils/retries.py
src/mistralai/client/utils/security.py
src/mistralai/client/models/toolfilechunk.py
src/mistralai/client/utils/serializers.py
src/mistralai/client/models/transcriptionstreamdone.py
src/mistralai/client/utils/unmarshal_json_response.py
src/mistralai/client/utils/url.py
src/mistralai/client/utils/values.py
src/mistralai/client/models/responsevalidationerror.py
src/mistralai/client/models/retrievefileout.py
src/mistralai/client/models/mistralerror.py
docs/models/apiendpoint.md
src/mistralai/client/models/sdkerror.py
docs/models/jobsout.md
src/mistralai/client/models/no_response_error.py
docs/models/conversationrestartstreamrequesthandoffexecution.md
docs/models/functiontool.md
docs/models/agentsapiv1conversationsappendstreamrequest.md
docs/models/agenthandoffentryobject.md
docs/models/transcriptionstreameventtypes.md
docs/models/messageoutputeventrole.md
src/mistralai/client/models/modellist.py
docs/models/responseretrievemodelv1modelsmodelidget.md
docs/models/referencechunktype.md
docs/models/chatclassificationrequest.md
src/mistralai/client/models/responseformats.py
docs/models/librariesdocumentsdeletev1request.md
src/mistralai/client/models/conversationresponse.py
src/mistralai/client/models/completionargsstop.py
src/mistralai/client/models/contentchunk.py
docs/models/classifierdetailedjoboutstatus.md
docs/models/listlibraryout.md
docs/models/transcriptionstreamevents.md
src/mistralai/client/models/jobs_api_routes_fine_tuning_get_fine_tuning_jobsop.py
docs/models/chatcompletionrequeststop.md
src/mistralai/client/models/libraries_update_v1op.py
src/mistralai/client/models/websearchtool.py
src/mistralai/client/models/classifiertrainingparameters.py
docs/models/validationerror.md
src/mistralai/client/models/documentlibrarytool.py
src/mistralai/client/models/responsestartedevent.py
docs/models/document.md
src/mistralai/client/models/filesignedurl.py
src/mistralai/client/models/fimcompletionresponse.py
docs/models/agentscompletionstreamrequeststop.md
docs/models/agenthandoffentrytype.md
docs/models/conversationmessages.md
src/mistralai/client/models/responsedoneevent.py
docs/models/completionresponsestreamchoice.md
docs/models/fimcompletionresponse.md
src/mistralai/client/models/unarchiveftmodelout.py
src/mistralai/client/conversations.py
src/mistralai/client/models/toolexecutionstartedevent.py
src/mistralai/client/models/jsonschema.py
docs/models/completionftmodelout.md
src/mistralai/client/models/fimcompletionstreamrequest.py
docs/models/chatcompletionrequesttoolchoice.md
src/mistralai/client/models/tooltypes.py
src/mistralai/client/models/functionname.py
docs/models/functionresultentryobject.md
docs/models/classifierjobout.md
src/mistralai/client/models/listfilesout.py
src/mistralai/client/models/agents_api_v1_agents_listop.py
src/mistralai/client/models/imageurl.py
src/mistralai/client/models/chatcompletionchoice.py
src/mistralai/client/sdk.py
docs/models/conversationrequesttool.md
docs/models/chatcompletionrequest.md
docs/models/librariesdeletev1request.md
src/mistralai/client/models/chatcompletionresponse.py
docs/models/toolreferencechunktool.md
src/mistralai/client/_hooks/types.py
src/mistralai/client/models/agents_api_v1_conversations_deleteop.py
docs/models/systemmessagecontentchunks.md
src/mistralai/client/models/sharingin.py
docs/models/completionjoboutobject.md
docs/models/librariesdocumentsgetextractedtextsignedurlv1request.md
src/mistralai/client/models/functionresultentry.py
docs/models/agentsapiv1conversationsdeleterequest.md
docs/models/githubrepositoryout.md
docs/models/retrievemodelv1modelsmodelidgetrequest.md
docs/models/conversationstreamrequest.md
docs/models/agentsapiv1conversationsmessagesrequest.md
docs/models/sharingout.md
docs/models/archiveftmodelout.md
docs/models/listdocumentout.md
docs/models/toolreferencechunk.md
docs/models/instructrequestinputs.md
src/mistralai/client/models/deltamessage.py
src/mistralai/client/models/tool.py
src/mistralai/client/beta_agents.py
src/mistralai/client/models/toolcall.py
docs/models/jobin.md
src/mistralai/client/models/libraries_documents_upload_v1op.py
src/mistralai/client/models/toolexecutiondoneevent.py
docs/models/conversationrequestagentversion.md
docs/models/listsharingout.md
docs/models/completiondetailedjoboutrepository.md
docs/models/completionftmodeloutobject.md
src/mistralai/client/models/agentcreationrequest.py
docs/models/functioncallentry.md
src/mistralai/client/models/agents_api_v1_conversations_getop.py
src/mistralai/client/models/filepurpose.py
src/mistralai/client/models/retrieve_model_v1_models_model_id_getop.py
src/mistralai/client/models/jobsout.py
docs/models/agentsapiv1conversationsappendrequest.md
docs/models/jobsapiroutesbatchgetbatchjobsrequest.md
src/mistralai/client/models/audiotranscriptionrequest.py
src/mistralai/client/models/agents_api_v1_agents_update_versionop.py
src/mistralai/client/models/prediction.py
docs/models/conversationinputs.md
docs/models/agenthandoffdoneevent.md
docs/models/finetuneablemodeltype.md
src/mistralai/client/models/agents_api_v1_agents_create_or_update_aliasop.py
src/mistralai/client/models/jobs_api_routes_fine_tuning_create_fine_tuning_jobop.py
docs/models/conversationrestartrequest.md
src/mistralai/client/models/ocrimageobject.py
docs/models/security.md
src/mistralai/client/models/libraryinupdate.py
docs/models/fimcompletionrequest.md
docs/models/ocrusageinfo.md
docs/models/completionjoboutintegration.md
src/mistralai/client/libraries.py
src/mistralai/client/models/wandbintegration.py
src/mistralai/client/models/ocrpagedimensions.py
src/mistralai/client/models/jobin.py
docs/models/conversationrestartstreamrequestagentversion.md
src/mistralai/client/models/libraries_documents_reprocess_v1op.py
docs/models/agentsapiv1agentsgetrequest.md
src/mistralai/client/models/paginationinfo.py
src/mistralai/client/models/jobmetadataout.py
docs/models/assistantmessage.md
src/mistralai/client/models/conversationappendstreamrequest.py
docs/models/librariesdocumentsgettextcontentv1request.md
docs/models/realtimetranscriptionerror.md
src/mistralai/client/models/completiondetailedjobout.py
src/mistralai/client/fine_tuning_jobs.py
src/mistralai/client/models/documentout.py
docs/models/librariesgetv1request.md
docs/models/referencechunk.md
src/mistralai/client/models/completiontrainingparameters.py
src/mistralai/client/agents.py
src/mistralai/client/models/agents_api_v1_agents_list_version_aliasesop.py
src/mistralai/client/models/toolchoice.py
docs/models/requestsource.md
docs/models/embeddingrequestinputs.md
src/mistralai/client/models/imagegenerationtool.py
src/mistralai/client/models/libraries_documents_get_signed_url_v1op.py
docs/models/jobsoutobject.md
docs/models/librariesdocumentsreprocessv1request.md
src/mistralai/client/models/audiotranscriptionrequeststream.py
docs/models/tool.md
src/mistralai/client/models/uploadfileout.py
src/mistralai/client/models/timestampgranularity.py
src/mistralai/client/models/metricout.py
docs/models/jobmetadataout.md
src/mistralai/client/models/files_api_routes_upload_fileop.py
docs/models/chatmoderationrequestinputs1.md
src/mistralai/client/models/transcriptionstreameventtypes.py
src/mistralai/client/models/completionchunk.py
src/mistralai/client/models/conversationevents.py
docs/models/agent.md
src/mistralai/client/models/documenttextcontent.py
docs/models/embeddingresponsedata.md
docs/models/codeinterpretertool.md
src/mistralai/client/models/deletemodelout.py
docs/models/agenttool.md
src/mistralai/client/models/completionresponsestreamchoice.py
src/mistralai/client/models/audiochunk.py
docs/models/functioncallevent.md
docs/models/transcriptionstreamtextdelta.md
docs/models/completiontrainingparametersin.md
docs/models/conversationappendrequesthandoffexecution.md
docs/models/chatcompletionchoicefinishreason.md
src/mistralai/client/models/libraries_documents_get_status_v1op.py
docs/models/libraryinupdate.md
src/mistralai/client/models/modelconversation.py
docs/models/completiondetailedjobout.md
docs/models/realtimetranscriptionsessioncreated.md
docs/models/classifierjoboutobject.md
docs/models/filesapiroutesretrievefilerequest.md
src/mistralai/client/models/trainingfile.py
docs/models/multipartbodyparams.md
src/mistralai/client/models/libraries_delete_v1op.py
docs/models/sampletype.md
src/mistralai/client/models/functioncallevent.py
src/mistralai/client/models/imageurlchunk.py
src/mistralai/client/models/libraries_documents_delete_v1op.py
src/mistralai/client/models/agentconversation.py
src/mistralai/client/models/chatclassificationrequest.py
docs/models/ftmodelcapabilitiesout.md
docs/models/classifierftmodelout.md
docs/models/deletemodelv1modelsmodeliddeleterequest.md
docs/models/messageoutputentryrole.md
docs/models/eventout.md
docs/models/systemmessage.md
src/mistralai/client/models/sampletype.py
docs/models/conversationevents.md
docs/models/fileschema.md
src/mistralai/client/models/agentscompletionrequest.py
src/mistralai/client/models/chatmoderationrequest.py
src/mistralai/client/models/classifierftmodelout.py
docs/models/jobsapiroutesfinetuningstartfinetuningjobresponse.md
docs/models/chatcompletionresponse.md
src/mistralai/client/models/toolmessage.py
src/mistralai/client/accesses.py
src/mistralai/client/models/source.py
docs/models/documenturlchunk.md
docs/models/updateftmodelin.md
src/mistralai/client/models/jobs_api_routes_fine_tuning_get_fine_tuning_jobop.py
docs/models/toolreferencechunktype.md
src/mistralai/client/models/files_api_routes_get_signed_urlop.py
src/mistralai/client/models/responseerrorevent.py
docs/models/jobsapiroutesfinetuningunarchivefinetunedmodelrequest.md
docs/models/thinkchunk.md
docs/models/agentcreationrequesttool.md
docs/models/completiondetailedjoboutobject.md
src/mistralai/client/models/filechunk.py
docs/models/agentcreationrequest.md
docs/models/jobsapiroutesfinetuningcancelfinetuningjobrequest.md
docs/models/utils/retryconfig.md
docs/models/loc.md
docs/models/filesignedurl.md
src/mistralai/client/models/embeddingdtype.py
docs/models/chatcompletionstreamrequest.md
docs/models/audioformat.md
docs/models/transcriptionstreamsegmentdelta.md
docs/models/inputsmessage.md
docs/models/instructrequest.md
src/mistralai/client/models/batchjobout.py
docs/models/classifiertargetout.md
docs/models/filesapiroutesgetsignedurlrequest.md
docs/models/conversationappendrequest.md
docs/models/legacyjobmetadataoutobject.md
src/mistralai/client/models/messageoutputentry.py
docs/models/messageinputentryobject.md
src/mistralai/client/models/embeddingresponse.py
src/mistralai/client/models/documenturlchunk.py
docs/models/usermessage.md
src/mistralai/client/models/apiendpoint.py
src/mistralai/client/models/batchjobstatus.py
docs/models/jobsapiroutesbatchgetbatchjobrequest.md
docs/models/jobsapiroutesfinetuninggetfinetuningjobrequest.md
docs/models/wandbintegration.md
docs/models/conversationmessagesobject.md
docs/models/utils/retryconfig.md
docs/models/fimcompletionstreamrequest.md
docs/models/batchrequest.md
docs/models/agentsapiv1conversationslistresponse.md
docs/models/conversationhistory.md
docs/sdks/agents/README.md
docs/models/transcriptionresponse.md
src/mistralai/client/models/files_api_routes_download_fileop.py
src/mistralai/client/models/embeddingrequest.py
src/mistralai/client/models/transcriptionresponse.py
src/mistralai/client/models/libraries_documents_list_v1op.py
src/mistralai/client/models/githubrepositoryin.py
docs/models/librariesdocumentsgetstatusv1request.md
docs/models/modelconversationtool.md
.gitattributes
docs/models/functioncallentryarguments.md
src/mistralai/client/models/ftclassifierlossfunction.py
src/mistralai/client/batch.py
docs/models/classificationrequest.md
src/mistralai/client/models/realtimetranscriptionerrordetail.py
docs/models/hyperparameters.md
docs/models/utils/retryconfig.md
docs/models/moderationobject.md
docs/models/classifierjoboutstatus.md
docs/models/agentupdaterequesttool.md
docs/models/chatcompletionstreamrequestmessage.md
docs/models/completiondetailedjoboutintegration.md
src/mistralai/client/models/transcriptionstreamtextdelta.py
src/mistralai/client/models/libraries_get_v1op.py
docs/models/agentscompletionrequesttoolchoice.md
src/mistralai/client/models/deletefileout.py
docs/models/completionevent.md
src/mistralai/client/chat.py
src/mistralai/client/models/completiontrainingparametersin.py
docs/models/librariesdocumentsupdatev1request.md
docs/models/instructrequestmessage.md
src/mistralai/client/models/documentupdatein.py
docs/models/toolfilechunk.md
src/mistralai/client/models/messageinputcontentchunks.py
src/mistralai/client/models/files_api_routes_delete_fileop.py
docs/models/utils/retryconfig.md
docs/models/assistantmessagerole.md
docs/sdks/transcriptions/README.md
docs/models/librariessharedeletev1request.md
src/mistralai/client/models/moderationobject.py
docs/models/unarchiveftmodelout.md
src/mistralai/client/models/jobs_api_routes_batch_cancel_batch_jobop.py
docs/models/messageoutputentrytype.md
docs/models/functioncall.md
docs/models/toolexecutiondeltaevent.md
src/mistralai/client/models/realtimetranscriptionerror.py
docs/models/agentsapiv1agentslistrequest.md
src/mistralai/client/models/websearchpremiumtool.py
src/mistralai/client/models/realtimetranscriptionsessionupdated.py
src/mistralai/client/models/libraries_documents_get_text_content_v1op.py
docs/models/agentscompletionstreamrequesttoolchoice.md
docs/models/textchunk.md
docs/models/toolcall.md
docs/models/assistantmessagecontent.md
src/mistralai/client/models/chatcompletionrequest.py
src/mistralai/client/models/usermessage.py
docs/models/outputcontentchunks.md
docs/models/librariesdocumentsuploadv1request.md
docs/models/entitytype.md
src/mistralai/client/models/basemodelcard.py
docs/models/toolexecutionentrytype.md
docs/models/shareenum.md
docs/models/imageurlunion.md
docs/models/conversationappendstreamrequest.md
docs/models/websearchpremiumtool.md
docs/models/utils/retryconfig.md
docs/models/fimcompletionrequeststop.md
src/mistralai/client/models/classificationtargetresult.py
src/mistralai/client/audio.py
docs/models/chatmoderationrequestinputs3.md
docs/models/response.md
src/mistralai/client/models/referencechunk.py
docs/models/jobinrepository.md
src/mistralai/client/models/files_api_routes_retrieve_fileop.py
src/mistralai/client/sdkconfiguration.py
src/mistralai/client/models/agents_api_v1_conversations_messagesop.py
src/mistralai/client/models/instructrequest.py
src/mistralai/client/models/classifiertargetout.py
docs/models/classifierdetailedjoboutobject.md
src/mistralai/client/models/inputentries.py
src/mistralai/client/models/toolchoiceenum.py
docs/models/chatcompletionstreamrequesttoolchoice.md
docs/models/agentconversation.md
docs/models/utils/retryconfig.md
src/mistralai/client/models/functioncall.py
docs/models/mistralpromptmode.md
docs/models/conversationresponseobject.md
src/mistralai/client/models/ocrtableobject.py
src/mistralai/client/models/toolexecutionentry.py
docs/models/classifierdetailedjobout.md
docs/models/conversationresponse.md
docs/models/agentsapiv1agentslistversionaliasesrequest.md
docs/models/conversationeventsdata.md
src/mistralai/client/models/ocrusageinfo.py
src/mistralai/client/models/ftmodelcard.py
src/mistralai/client/models/libraries_share_list_v1op.py
docs/models/modellistdata.md
docs/models/messageoutputcontentchunks.md
docs/models/modelconversation.md
docs/models/batchjobstatus.md
docs/models/encodingformat.md
docs/models/jobsapiroutesfinetuninggetfinetuningjobresponse.md
docs/models/utils/retryconfig.md
docs/models/modellist.md
docs/models/textchunktype.md
docs/models/completionargs.md
docs/models/agenthandoffstartedevent.md
docs/models/basemodelcard.md
src/mistralai/client/models/classifierjobout.py
docs/models/batchjobout.md
docs/models/conversationstreamrequestagentversion.md
docs/models/filesapiroutesdownloadfilerequest.md
src/mistralai/client/models/fileschema.py
docs/models/completiontrainingparameters.md
docs/models/wandbintegrationout.md
docs/models/agentobject.md
src/mistralai/client/models/classifierdetailedjobout.py
src/mistralai/client/models/jobs_api_routes_fine_tuning_archive_fine_tuned_modelop.py
USAGE.md
docs/models/deltamessage.md
docs/models/messageinputentry.md
docs/models/jobsapiroutesfinetuningupdatefinetunedmodelrequest.md
docs/models/filechunk.md
src/mistralai/client/models/agent.py
src/mistralai/client/models/agents_api_v1_conversations_append_streamop.py
src/mistralai/client/models/agents_api_v1_agents_list_versionsop.py
docs/models/classifierftmodeloutobject.md
src/mistralai/client/models/ftmodelcapabilitiesout.py
src/mistralai/client/models/listsharingout.py
src/mistralai/client/models/systemmessagecontentchunks.py
src/mistralai/client/models/agents_api_v1_agents_updateop.py
docs/models/retrievefileout.md
src/mistralai/client/models/agents_api_v1_conversations_historyop.py
src/mistralai/client/fim.py
docs/models/embeddingdtype.md
src/mistralai/client/models/conversationrestartstreamrequest.py
src/mistralai/client/models/completionargs.py
docs/models/toolexecutionstartedeventname.md
src/mistralai/client/models/transcriptionstreamlanguage.py
docs/models/librariessharelistv1request.md
src/mistralai/client/fine_tuning.py
docs/models/agentsapiv1conversationsrestartrequest.md
docs/models/conversationrestartstreamrequest.md
docs/models/transcriptionstreamlanguage.md
docs/models/toolexecutiondoneeventname.md
docs/models/classifierjoboutintegration.md
docs/models/classifiertrainingparametersin.md
src/mistralai/client/models/agentupdaterequest.py
docs/models/agentscompletionrequestmessage.md
docs/models/chatmoderationrequest.md
docs/models/chatcompletionchoice.md
docs/models/batchjoboutobject.md
docs/models/toolchoiceenum.md
docs/models/ocrrequest.md
src/mistralai/client/models/updateftmodelin.py
docs/models/classifierdetailedjoboutintegration.md
src/mistralai/client/models/agenthandoffdoneevent.py
src/mistralai/client/models/files_api_routes_list_filesop.py
src/mistralai/client/ocr.py
docs/models/embeddingrequest.md
src/mistralai/client/models/conversationstreamrequest.py
src/mistralai/client/models/thinkchunk.py
docs/models/toolchoice.md
docs/models/documentupload.md
docs/models/imageurlchunktype.md
docs/models/conversationrestartrequestagentversion.md
docs/models/transcriptionstreamdone.md
src/mistralai/client/models/libraryout.py
src/mistralai/client/models/conversationappendrequest.py
src/mistralai/client/models/audioformat.py
docs/models/conversationhistoryobject.md
docs/models/ftclassifierlossfunction.md
docs/models/websearchtool.md
docs/models/messageoutputentryobject.md
src/mistralai/client/models/batchjobsout.py
docs/models/agentsapiv1agentsdeleterequest.md
docs/models/libraryout.md
docs/models/batchjobsoutobject.md
docs/models/functionresultentrytype.md
src/mistralai/client/models/agents_api_v1_conversations_restart_streamop.py
docs/models/completionjoboutstatus.md
docs/models/documenttextcontent.md
docs/models/legacyjobmetadataout.md
docs/models/prediction.md
src/mistralai/client/models_.py
src/mistralai/client/models/sharingdelete.py
src/mistralai/client/models/usageinfo.py
docs/models/thinkchunktype.md
docs/models/agentsapiv1conversationshistoryrequest.md
src/mistralai/client/models/jobs_api_routes_fine_tuning_cancel_fine_tuning_jobop.py
src/mistralai/client/models/jobs_api_routes_fine_tuning_unarchive_fine_tuned_modelop.py
src/mistralai/client/models/responseformat.py
docs/models/builtinconnectors.md
docs/models/realtimetranscriptionsession.md
docs/models/documentlibrarytool.md
docs/models/toolfilechunktool.md
docs/models/messageinputcontentchunks.md
src/mistralai/client/models/checkpointout.py
src/mistralai/client/models/validationerror.py
docs/models/utils/retryconfig.md
docs/models/chatmoderationrequestinputs2.md
docs/models/format_.md
docs/sdks/batchjobs/README.md
docs/models/agentsapiv1conversationsrestartstreamrequest.md
docs/models/filesapiroutesdeletefilerequest.md
docs/models/toolexecutionentry.md
docs/models/metricout.md
src/mistralai/client/models/completionjobout.py
docs/models/deletefileout.md
docs/models/functioncallentrytype.md
docs/models/filepurpose.md
docs/models/transcriptionsegmentchunk.md
docs/models/usageinfo.md
docs/models/responsev1conversationsget.md
src/mistralai/client/models/ssetypes.py
src/mistralai/client/models/audioencoding.py
docs/models/librariesdocumentsgetsignedurlv1request.md
docs/models/timestampgranularity.md
docs/models/conversationrequesthandoffexecution.md
src/mistralai/client/transcriptions.py
src/mistralai/client/models/function.py
src/mistralai/client/models/toolexecutiondeltaevent.py
docs/models/conversationappendstreamrequesthandoffexecution.md
docs/models/realtimetranscriptionerrordetail.md
docs/models/toolexecutiondeltaeventname.md
src/mistralai/client/models/__init__.py
src/mistralai/client/models/codeinterpretertool.py
docs/models/utils/retryconfig.md
docs/models/completiondetailedjoboutstatus.md
docs/models/librariesdocumentsgetv1request.md
src/mistralai/client/models/messageoutputevent.py
src/mistralai/client/models/agentscompletionstreamrequest.py
src/mistralai/client/models/textchunk.py
docs/models/conversationstreamrequesttool.md
docs/models/systemmessagecontent.md
docs/models/agentsapiv1conversationslistrequest.md
docs/models/chatcompletionstreamrequeststop.md
docs/models/responseerrorevent.md
docs/models/usermessagecontent.md
docs/models/audioencoding.md
docs/models/messageinputentryrole.md
docs/models/inputentries.md
src/mistralai/client/models/agents_api_v1_conversations_restartop.py
src/mistralai/client/models/messageentries.py
docs/models/ocrpageobject.md
src/mistralai/client/models/completionevent.py
src/mistralai/client/models/batchjobin.py
src/mistralai/client/models/requestsource.py
src/mistralai/client/models/fimcompletionrequest.py
docs/models/utils/retryconfig.md
src/mistralai/client/models/sharingout.py
docs/models/messageentries.md
docs/models/jobsoutdata.md
src/mistralai/client/batch_jobs.py
src/mistralai/client/models/messageinputentry.py
docs/models/uploadfileout.md
src/mistralai/client/models/finetuneablemodeltype.py
docs/models/documentupdatein.md
docs/models/toolmessagecontent.md
docs/models/utils/retryconfig.md
docs/models/documentout.md
docs/models/functionname.md
src/mistralai/client/documents.py
src/mistralai/client/models/realtimetranscriptionsessioncreated.py
docs/models/conversationstreamrequesthandoffexecution.md
docs/models/ocrresponse.md
src/mistralai/client/models/libraries_share_create_v1op.py
docs/models/functioncallentryobject.md
docs/models/httpvalidationerror.md
src/mistralai/client/models/agents_api_v1_agents_getop.py
docs/models/responsedoneevent.md
docs/models/jobsapiroutesfinetuningarchivefinetunedmodelrequest.md
docs/models/utils/retryconfig.md
src/mistralai/client/models/completionftmodelout.py
docs/models/utils/retryconfig.md
src/mistralai/client/files.py
docs/models/batchjobsout.md
docs/models/audiotranscriptionrequeststream.md
src/mistralai/client/models/functioncallentryarguments.py
docs/models/responsestartedevent.md
src/mistralai/client/models/agents_api_v1_agents_deleteop.py
docs/models/utils/retryconfig.md
docs/models/completionchunk.md
src/mistralai/client/models/agents_api_v1_conversations_listop.py
src/mistralai/client/models/archiveftmodelout.py
docs/models/agentaliasresponse.md
docs/models/realtimetranscriptionsessionupdated.md
docs/models/batcherror.md
docs/models/contentchunk.md
docs/models/source.md
docs/models/utils/retryconfig.md
docs/models/toolexecutiondoneevent.md
docs/models/realtimetranscriptionerrordetailmessage.md
docs/models/jobsapiroutesfinetuninggetfinetuningjobsstatus.md
docs/models/sharingdelete.md
docs/models/agentsapiv1agentscreateorupdatealiasrequest.md
docs/models/completionjobout.md
docs/models/conversationrequest.md
docs/models/utils/retryconfig.md
docs/models/utils/retryconfig.md
docs/models/utils/retryconfig.md
docs/sdks/betaagents/README.md
docs/models/utils/retryconfig.md
docs/models/utils/retryconfig.md
docs/models/utils/retryconfig.md
docs/models/utils/retryconfig.md
docs/models/utils/retryconfig.md
docs/models/utils/retryconfig.md
docs/models/utils/retryconfig.md
docs/models/utils/retryconfig.md
docs/models/utils/retryconfig.md
docs/models/utils/retryconfig.md
docs/models/utils/retryconfig.md
docs/sdks/conversations/README.md
docs/models/utils/retryconfig.md
docs/models/utils/retryconfig.md
docs/models/utils/retryconfig.md
docs/models/utils/retryconfig.md
docs/models/utils/retryconfig.md
docs/sdks/libraries/README.md
docs/models/utils/retryconfig.md
docs/models/utils/retryconfig.md
docs/models/utils/retryconfig.md
docs/sdks/accesses/README.md
docs/models/utils/retryconfig.md
docs/models/utils/retryconfig.md
docs/models/utils/retryconfig.md
docs/models/utils/retryconfig.md
docs/models/utils/retryconfig.md
docs/models/utils/retryconfig.md
docs/models/utils/retryconfig.md
docs/models/utils/retryconfig.md
docs/models/utils/retryconfig.md
docs/models/utils/retryconfig.md
docs/sdks/documents/README.md
docs/models/utils/retryconfig.md
docs/models/utils/retryconfig.md
docs/sdks/chat/README.md
docs/models/utils/retryconfig.md
docs/models/utils/retryconfig.md
docs/models/utils/retryconfig.md
docs/models/utils/retryconfig.md
docs/sdks/classifiers/README.md
docs/models/utils/retryconfig.md
docs/sdks/embeddings/README.md
docs/models/utils/retryconfig.md
docs/models/utils/retryconfig.md
docs/models/utils/retryconfig.md
docs/models/utils/retryconfig.md
docs/models/utils/retryconfig.md
docs/models/utils/retryconfig.md
docs/sdks/files/README.md
docs/models/utils/retryconfig.md
docs/models/utils/retryconfig.md
docs/sdks/fim/README.md
docs/models/utils/retryconfig.md
docs/models/utils/retryconfig.md
docs/models/utils/retryconfig.md
docs/models/utils/retryconfig.md
docs/models/utils/retryconfig.md
docs/sdks/finetuningjobs/README.md
docs/models/utils/retryconfig.md
docs/models/utils/retryconfig.md
docs/models/utils/retryconfig.md
docs/models/utils/retryconfig.md
docs/models/utils/retryconfig.md
docs/models/utils/retryconfig.md
docs/sdks/models/README.md
docs/models/utils/retryconfig.md
docs/sdks/ocr/README.md
docs/models/processingstatusout.md
docs/models/completionargsstop.md
docs/models/ocrtableobject.md
src/mistralai/client/models/assistantmessage.py
src/mistralai/client/models/libraries_documents_update_v1op.py
src/mistralai/client/models/agenthandoffstartedevent.py
src/mistralai/client/models/eventout.py
src/mistralai/client/models/toolreferencechunk.py
docs/models/githubrepositoryin.md
src/mistralai/client/models/messageoutputcontentchunks.py
src/mistralai/client/models/agenthandoffentry.py
docs/models/jsonschema.md
docs/models/conversationrestartrequesthandoffexecution.md
docs/models/listfilesout.md
src/mistralai/client/models/transcriptionstreamevents.py
docs/models/ftmodelcard.md
docs/models/jobinintegration.md
src/mistralai/client/models/conversationrestartrequest.py
src/mistralai/client/models/encodingformat.py
docs/models/deltamessagecontent.md
src/mistralai/client/models/outputcontentchunks.py
docs/models/toolfilechunktype.md
src/mistralai/client/_hooks/__init__.py
src/mistralai/client/models/entitytype.py
docs/models/deletemodelout.md
src/mistralai/client/embeddings.py
docs/models/documenturlchunktype.md
docs/models/batchjobin.md
src/mistralai/client/models/wandbintegrationout.py
docs/models/transcriptionstreameventsdata.md
src/mistralai/client/models/classificationresponse.py
docs/models/trainingfile.md
src/mistralai/client/models/transcriptionsegmentchunk.py
docs/models/audiotranscriptionrequest.md
src/mistralai/client/models/githubrepositoryout.py
src/mistralai/client/models/functiontool.py
docs/models/jobsapiroutesfinetuninggetfinetuningjobsrequest.md
docs/models/conversationusageinfo.md
docs/models/ssetypes.md
src/mistralai/client/models/listdocumentout.py
docs/models/libraryin.md
src/mistralai/client/models/libraries_share_delete_v1op.py
src/mistralai/client/models/systemmessage.py
src/mistralai/client/models/chatcompletionstreamrequest.py
src/mistralai/client/models/delete_model_v1_models_model_id_deleteop.py
docs/models/filesapirouteslistfilesrequest.md
docs/models/jobsapiroutesfinetuningcancelfinetuningjobresponse.md
src/mistralai/client/models/security.py
docs/models/modelconversationobject.md
src/mistralai/client/models/conversationmessages.py
docs/models/output.md
src/mistralai/client/models/libraries_documents_get_extracted_text_signed_url_v1op.py
src/mistralai/client/models/classificationrequest.py
docs/models/librariesdocumentslistv1request.md
docs/models/toolmessage.md
docs/models/agentsapiv1agentslistversionsrequest.md
src/mistralai/client/models/embeddingresponsedata.py
src/mistralai/client/models/conversationhistory.py
docs/models/librariessharecreatev1request.md
docs/models/messageinputentrycontent.md
src/mistralai/client/models/functioncallentry.py
src/mistralai/client/models/builtinconnectors.py
src/mistralai/client/models/jobs_api_routes_batch_get_batch_jobop.py
src/mistralai/client/models/httpvalidationerror.py
src/mistralai/client/classifiers.py
docs/models/transcriptionsegmentchunktype.md
docs/models/arguments.md
docs/models/checkpointout.md
src/mistralai/client/beta.py
docs/models/archiveftmodeloutobject.md
docs/models/jobsapiroutesbatchcancelbatchjobrequest.md
docs/models/imageurlchunk.md
src/mistralai/client/models/batcherror.py
docs/models/inputs.md
