speakeasyVersion: 1.568.2
sources:
    mistral-azure-source:
        sourceNamespace: mistral-openapi-azure
        sourceRevisionDigest: sha256:fe4edf8ff3f2b6695fdcba82e27556b47447c101ff328555b5867b646a50e100
        sourceBlobDigest: sha256:f3b20e0832703d86d5fb58ad8d5e63f43ac61e7cdaec34457796c831e13601e3
        tags:
            - latest
    mistral-google-cloud-source:
        sourceNamespace: mistral-openapi-google-cloud
        sourceRevisionDigest: sha256:a24f9e044dff30d6ee8ff4e357565006cbccb6ff2ecb5f819fcfd97638d3e78a
        sourceBlobDigest: sha256:bdc7d7691faf96dc402136d8e188a13c151d303be37f84cb92ead45d2665d32c
        tags:
            - latest
    mistral-openapi:
        sourceNamespace: mistral-openapi
        sourceRevisionDigest: sha256:22d8044215dc1331ba83f3d25598409bc82fdc04d68033fb05e0133a13cc4dad
        sourceBlobDigest: sha256:f3322d8a44d0bf1515b5c1c078525dbf00ff90e6110644de4c03b0b0e9050350
        tags:
            - latest
targets:
    mistralai-azure-sdk:
        source: mistral-azure-source
        sourceNamespace: mistral-openapi-azure
        sourceRevisionDigest: sha256:fe4edf8ff3f2b6695fdcba82e27556b47447c101ff328555b5867b646a50e100
        sourceBlobDigest: sha256:f3b20e0832703d86d5fb58ad8d5e63f43ac61e7cdaec34457796c831e13601e3
        codeSamplesNamespace: mistral-openapi-azure-code-samples
        codeSamplesRevisionDigest: sha256:3e551ce75c7fd66b12bbd50f1e3f068a2e03be553f9f29857a55630854eee5e2
    mistralai-gcp-sdk:
        source: mistral-google-cloud-source
        sourceNamespace: mistral-openapi-google-cloud
        sourceRevisionDigest: sha256:a24f9e044dff30d6ee8ff4e357565006cbccb6ff2ecb5f819fcfd97638d3e78a
        sourceBlobDigest: sha256:bdc7d7691faf96dc402136d8e188a13c151d303be37f84cb92ead45d2665d32c
        codeSamplesNamespace: mistral-openapi-google-cloud-code-samples
        codeSamplesRevisionDigest: sha256:844fcd6e07d4e16d2ff1efe8628b31d88c91a099015bd905a4226d75f2f7c991
    mistralai-sdk:
        source: mistral-openapi
        sourceNamespace: mistral-openapi
        sourceRevisionDigest: sha256:22d8044215dc1331ba83f3d25598409bc82fdc04d68033fb05e0133a13cc4dad
        sourceBlobDigest: sha256:f3322d8a44d0bf1515b5c1c078525dbf00ff90e6110644de4c03b0b0e9050350
        codeSamplesNamespace: mistral-openapi-code-samples
        codeSamplesRevisionDigest: sha256:42d98cf03323c832ebd0a3fe0d3927374d1c212998cc37a5d3372c1c6e8a31c8
workflow:
    workflowVersion: 1.0.0
    speakeasyVersion: 1.568.2
    sources:
        mistral-azure-source:
            inputs:
                - location: registry.speakeasyapi.dev/mistral-dev/mistral-dev/mistral-openapi-azure:main
        mistral-google-cloud-source:
            inputs:
                - location: registry.speakeasyapi.dev/mistral-dev/mistral-dev/mistral-openapi-google-cloud:main
        mistral-openapi:
            inputs:
                - location: registry.speakeasyapi.dev/mistral-dev/mistral-dev/mistral-openapi:main
    targets:
        mistralai-azure-sdk:
            target: python
            source: mistral-azure-source
            output: ./packages/mistralai_azure
            publish:
                pypi:
                    token: $pypi_token
            codeSamples:
                registry:
                    location: registry.speakeasyapi.dev/mistral-dev/mistral-dev/mistral-openapi-azure-code-samples
                blocking: false
        mistralai-gcp-sdk:
            target: python
            source: mistral-google-cloud-source
            output: ./packages/mistralai_gcp
            publish:
                pypi:
                    token: $pypi_token
            codeSamples:
                registry:
                    location: registry.speakeasyapi.dev/mistral-dev/mistral-dev/mistral-openapi-google-cloud-code-samples
                blocking: false
        mistralai-sdk:
            target: python
            source: mistral-openapi
            publish:
                pypi:
                    token: $pypi_token
            codeSamples:
                registry:
                    location: registry.speakeasyapi.dev/mistral-dev/mistral-dev/mistral-openapi-code-samples
                blocking: false
