speakeasyVersion: 1.685.0
sources:
    mistral-azure-source:
        sourceNamespace: mistral-openapi-azure
        sourceRevisionDigest: sha256:544a7fd4d099e72a9a12681b326d44201f1b163e4df2f5fd643d831167255d84
        sourceBlobDigest: sha256:41c72401329a30983907c32a60063da8ccd82137cf79d7f452089b5b83bb9d92
        tags:
            - latest
    mistral-google-cloud-source:
        sourceNamespace: mistral-openapi-google-cloud
        sourceRevisionDigest: sha256:e3dd3079347edf744151936aaee4ec0ce3eeeb8f46b5c7f31f8e224221e879d4
        sourceBlobDigest: sha256:7a525230930debff23fec4e92e3ad2a57889ea46de86cc96d519615709ae8a16
        tags:
            - latest
    mistral-openapi:
        sourceNamespace: mistral-openapi
        sourceRevisionDigest: sha256:ebe60088ce4a3780c57a08de7bc73f973f529822a05db12c5d9c6084e9a934e0
        sourceBlobDigest: sha256:c93947af3495a5129cb6aecfe0546463917fbe1f66f2cf8f5a0accb36c035501
        tags:
            - latest
targets:
    mistralai-azure-sdk:
        source: mistral-azure-source
        sourceNamespace: mistral-openapi-azure
        sourceRevisionDigest: sha256:544a7fd4d099e72a9a12681b326d44201f1b163e4df2f5fd643d831167255d84
        sourceBlobDigest: sha256:41c72401329a30983907c32a60063da8ccd82137cf79d7f452089b5b83bb9d92
        codeSamplesNamespace: mistral-openapi-azure-code-samples
        codeSamplesRevisionDigest: sha256:57821a9bf6cfe7001dfcbcaa2f17b233b98c2f79e2d7588540c41750f10b9c05
    mistralai-gcp-sdk:
        source: mistral-google-cloud-source
        sourceNamespace: mistral-openapi-google-cloud
        sourceRevisionDigest: sha256:e3dd3079347edf744151936aaee4ec0ce3eeeb8f46b5c7f31f8e224221e879d4
        sourceBlobDigest: sha256:7a525230930debff23fec4e92e3ad2a57889ea46de86cc96d519615709ae8a16
        codeSamplesNamespace: mistral-openapi-google-cloud-code-samples
        codeSamplesRevisionDigest: sha256:404d5964361b3ced085b11e4b8408c36a4a92efe12a97f7497919efdf7594f6f
    mistralai-sdk:
        source: mistral-openapi
        sourceNamespace: mistral-openapi
        sourceRevisionDigest: sha256:ebe60088ce4a3780c57a08de7bc73f973f529822a05db12c5d9c6084e9a934e0
        sourceBlobDigest: sha256:c93947af3495a5129cb6aecfe0546463917fbe1f66f2cf8f5a0accb36c035501
        codeSamplesNamespace: mistral-openapi-code-samples
        codeSamplesRevisionDigest: sha256:14b511ab3d9f6f3d9ee0c81c32c6fa2dd6be9b6a1047298cf9f1162328045b4f
workflow:
    workflowVersion: 1.0.0
    speakeasyVersion: 1.685.0
    sources:
        mistral-azure-source:
            inputs:
                - location: registry.speakeasyapi.dev/mistral-dev/mistral-dev/mistral-openapi-azure:main
        mistral-google-cloud-source:
            inputs:
                - location: registry.speakeasyapi.dev/mistral-dev/mistral-dev/mistral-openapi-google-cloud:main
        mistral-openapi:
            inputs:
                - location: registry.speakeasyapi.dev/mistral-dev/mistral-dev/mistral-openapi:main
    targets:
        mistralai-azure-sdk:
            target: python
            source: mistral-azure-source
            output: ./packages/mistralai_azure
            publish:
                pypi:
                    token: $pypi_token
            codeSamples:
                registry:
                    location: registry.speakeasyapi.dev/mistral-dev/mistral-dev/mistral-openapi-azure-code-samples
                blocking: false
        mistralai-gcp-sdk:
            target: python
            source: mistral-google-cloud-source
            output: ./packages/mistralai_gcp
            publish:
                pypi:
                    token: $pypi_token
            codeSamples:
                registry:
                    location: registry.speakeasyapi.dev/mistral-dev/mistral-dev/mistral-openapi-google-cloud-code-samples
                blocking: false
        mistralai-sdk:
            target: python
            source: mistral-openapi
            publish:
                pypi:
                    token: $pypi_token
            codeSamples:
                registry:
                    location: registry.speakeasyapi.dev/mistral-dev/mistral-dev/mistral-openapi-code-samples
                blocking: false
