speakeasyVersion: 1.729.0
sources:
    mistral-azure-source:
        sourceNamespace: mistral-openapi-azure
        sourceRevisionDigest: sha256:e32d21a6317d1bca6ab29f05603b96038e841752c2698aab47f434ea0d6530b7
        sourceBlobDigest: sha256:2dad2b1b7a79de6917c363ce7e870d11efe31ac08e3bfe0258f72823fe1ad13e
        tags:
            - latest
    mistral-google-cloud-source:
        sourceNamespace: mistral-openapi-google-cloud
        sourceRevisionDigest: sha256:4d9938ab74c4d41d62cd24234c8b8109e286c4aeec093e21d369259a43173113
        sourceBlobDigest: sha256:5a558d5ea7a936723c7a5540db5a1fba63d85d25b453372e1cf16395b30c98d3
        tags:
            - latest
            - speakeasy-sdk-regen-1772041030
    mistral-openapi:
        sourceNamespace: mistral-openapi
        sourceRevisionDigest: sha256:4f8e25101b35a66b9c93089fe3d491990268bdbefb70a349740e01ba9c8e28f8
        sourceBlobDigest: sha256:8566b35549178910c6fd4d005474d612bb9c476ef58785bb51c46251de145f71
        tags:
            - latest
            - speakeasy-sdk-regen-1772040743
targets:
    mistralai-azure-sdk:
        source: mistral-azure-source
        sourceNamespace: mistral-openapi-azure
        sourceRevisionDigest: sha256:e32d21a6317d1bca6ab29f05603b96038e841752c2698aab47f434ea0d6530b7
        sourceBlobDigest: sha256:2dad2b1b7a79de6917c363ce7e870d11efe31ac08e3bfe0258f72823fe1ad13e
        codeSamplesNamespace: mistral-openapi-azure-code-samples
        codeSamplesRevisionDigest: sha256:248e5daaa44589805664ab1479502885758fde0f1da3b384b97b1a09d74c8256
    mistralai-gcp-sdk:
        source: mistral-google-cloud-source
        sourceNamespace: mistral-openapi-google-cloud
        sourceRevisionDigest: sha256:4d9938ab74c4d41d62cd24234c8b8109e286c4aeec093e21d369259a43173113
        sourceBlobDigest: sha256:5a558d5ea7a936723c7a5540db5a1fba63d85d25b453372e1cf16395b30c98d3
        codeSamplesNamespace: mistral-openapi-google-cloud-code-samples
        codeSamplesRevisionDigest: sha256:35f30ba8ce4bd70f58b6abc5222d0bbf82eecc3109b09ca99df4406e363e21a0
    mistralai-sdk:
        source: mistral-openapi
        sourceNamespace: mistral-openapi
        sourceRevisionDigest: sha256:4f8e25101b35a66b9c93089fe3d491990268bdbefb70a349740e01ba9c8e28f8
        sourceBlobDigest: sha256:8566b35549178910c6fd4d005474d612bb9c476ef58785bb51c46251de145f71
        codeSamplesNamespace: mistral-openapi-code-samples
        codeSamplesRevisionDigest: sha256:0bcecf3d1523375a194d6aa13116ffba291da8321e44b01399ae5e24f7ce2e33
workflow:
    workflowVersion: 1.0.0
    speakeasyVersion: 1.729.0
    sources:
        mistral-azure-source:
            inputs:
                - location: registry.speakeasyapi.dev/mistral-dev/mistral-dev/mistral-openapi-azure:v2
        mistral-google-cloud-source:
            inputs:
                - location: registry.speakeasyapi.dev/mistral-dev/mistral-dev/mistral-openapi-google-cloud:v2
        mistral-openapi:
            inputs:
                - location: registry.speakeasyapi.dev/mistral-dev/mistral-dev/mistral-openapi:v2
    targets:
        mistralai-azure-sdk:
            target: python
            source: mistral-azure-source
            output: ./packages/azure
            publish:
                pypi:
                    token: $pypi_token
            codeSamples:
                registry:
                    location: registry.speakeasyapi.dev/mistral-dev/mistral-dev/mistral-openapi-azure-code-samples
                blocking: false
        mistralai-gcp-sdk:
            target: python
            source: mistral-google-cloud-source
            output: ./packages/gcp
            publish:
                pypi:
                    token: $pypi_token
            codeSamples:
                registry:
                    location: registry.speakeasyapi.dev/mistral-dev/mistral-dev/mistral-openapi-google-cloud-code-samples
                blocking: false
        mistralai-sdk:
            target: python
            source: mistral-openapi
            publish:
                pypi:
                    token: $pypi_token
            codeSamples:
                registry:
                    location: registry.speakeasyapi.dev/mistral-dev/mistral-dev/mistral-openapi-code-samples
                blocking: false
